// !$*UTF8*$!
{
	archiveVersion = 1;
	classes = {
	};
	objectVersion = 46;
	objects = {

/* Begin PBXBuildFile section */
		2C3EC1651D6C201B001A335A /* HRAllFloderController.m in Sources */ = {isa = PBXBuildFile; fileRef = 2C3EC1641D6C201B001A335A /* HRAllFloderController.m */; };
		2C41AAD61D6EBBE7007CE67E /* FMDatabase.m in Sources */ = {isa = PBXBuildFile; fileRef = 2C41AACC1D6EBBE7007CE67E /* FMDatabase.m */; };
		2C41AAD71D6EBBE7007CE67E /* FMDatabaseAdditions.m in Sources */ = {isa = PBXBuildFile; fileRef = 2C41AACE1D6EBBE7007CE67E /* FMDatabaseAdditions.m */; };
		2C41AAD81D6EBBE7007CE67E /* FMDatabasePool.m in Sources */ = {isa = PBXBuildFile; fileRef = 2C41AAD01D6EBBE7007CE67E /* FMDatabasePool.m */; };
		2C41AAD91D6EBBE7007CE67E /* FMDatabaseQueue.m in Sources */ = {isa = PBXBuildFile; fileRef = 2C41AAD21D6EBBE7007CE67E /* FMDatabaseQueue.m */; };
		2C41AADA1D6EBBE7007CE67E /* FMResultSet.m in Sources */ = {isa = PBXBuildFile; fileRef = 2C41AAD51D6EBBE7007CE67E /* FMResultSet.m */; };
		2C41AADF1D6EF4BE007CE67E /* libsqlite3.tbd in Frameworks */ = {isa = PBXBuildFile; fileRef = 2C41AADE1D6EF4BE007CE67E /* libsqlite3.tbd */; };
		2C41AAE61D6F06E2007CE67E /* HRDBHelper.m in Sources */ = {isa = PBXBuildFile; fileRef = 2C41AAE31D6F06E2007CE67E /* HRDBHelper.m */; };
		2C41AAE71D6F06E2007CE67E /* HRReadTool.m in Sources */ = {isa = PBXBuildFile; fileRef = 2C41AAE51D6F06E2007CE67E /* HRReadTool.m */; };
		2C41AAEA1D6F0719007CE67E /* HRDecTxtTool.m in Sources */ = {isa = PBXBuildFile; fileRef = 2C41AAE91D6F0719007CE67E /* HRDecTxtTool.m */; };
		2C453E0E1D6D411E0061B535 /* HRTxtChapterModel.m in Sources */ = {isa = PBXBuildFile; fileRef = 2C453E0D1D6D411E0061B535 /* HRTxtChapterModel.m */; };
		2C453E111D6D426B0061B535 /* HRTxtModel.m in Sources */ = {isa = PBXBuildFile; fileRef = 2C453E101D6D426B0061B535 /* HRTxtModel.m */; };
		2C453E131D6D72980061B535 /* CoreText.framework in Frameworks */ = {isa = PBXBuildFile; fileRef = 2C453E121D6D72980061B535 /* CoreText.framework */; };
		2C453E191D6D7BE20061B535 /* HRReadDetailController.m in Sources */ = {isa = PBXBuildFile; fileRef = 2C453E181D6D7BE20061B535 /* HRReadDetailController.m */; };
		2C453E1C1D6D8C870061B535 /* HRDidReadModel.m in Sources */ = {isa = PBXBuildFile; fileRef = 2C453E1B1D6D8C870061B535 /* HRDidReadModel.m */; };
		2C47E0ED1D71898600329CF2 /* HRChapterListController.m in Sources */ = {isa = PBXBuildFile; fileRef = 2C47E0EC1D71898600329CF2 /* HRChapterListController.m */; };
		2C6C9DA91D702D4A00D9EB00 /* HRBatteryView.m in Sources */ = {isa = PBXBuildFile; fileRef = 2C6C9DA81D702D4A00D9EB00 /* HRBatteryView.m */; };
		2C6C9DAC1D7034F400D9EB00 /* HRReadDetailView.m in Sources */ = {isa = PBXBuildFile; fileRef = 2C6C9DAB1D7034F400D9EB00 /* HRReadDetailView.m */; };
		2C76B69A1D6ADB4E0052CCF8 /* UIImage+Color.m in Sources */ = {isa = PBXBuildFile; fileRef = 2C76B6971D6ADB4E0052CCF8 /* UIImage+Color.m */; };
		2C76B69B1D6ADB4E0052CCF8 /* UIImage+ImageEffects.m in Sources */ = {isa = PBXBuildFile; fileRef = 2C76B6991D6ADB4E0052CCF8 /* UIImage+ImageEffects.m */; };
		2C76B6A11D6AE7500052CCF8 /* HRRecentController.m in Sources */ = {isa = PBXBuildFile; fileRef = 2C76B6A01D6AE7500052CCF8 /* HRRecentController.m */; };
		2C76B6BF1D6AF8F60052CCF8 /* MASCompositeConstraint.m in Sources */ = {isa = PBXBuildFile; fileRef = 2C76B6A71D6AF8F60052CCF8 /* MASCompositeConstraint.m */; };
		2C76B6C01D6AF8F60052CCF8 /* MASConstraint.m in Sources */ = {isa = PBXBuildFile; fileRef = 2C76B6AA1D6AF8F60052CCF8 /* MASConstraint.m */; };
		2C76B6C11D6AF8F60052CCF8 /* MASConstraintMaker.m in Sources */ = {isa = PBXBuildFile; fileRef = 2C76B6AC1D6AF8F60052CCF8 /* MASConstraintMaker.m */; };
		2C76B6C21D6AF8F60052CCF8 /* MASLayoutConstraint.m in Sources */ = {isa = PBXBuildFile; fileRef = 2C76B6AE1D6AF8F60052CCF8 /* MASLayoutConstraint.m */; };
		2C76B6C31D6AF8F60052CCF8 /* MASViewAttribute.m in Sources */ = {isa = PBXBuildFile; fileRef = 2C76B6B21D6AF8F60052CCF8 /* MASViewAttribute.m */; };
		2C76B6C41D6AF8F60052CCF8 /* MASViewConstraint.m in Sources */ = {isa = PBXBuildFile; fileRef = 2C76B6B41D6AF8F60052CCF8 /* MASViewConstraint.m */; };
		2C76B6C51D6AF8F60052CCF8 /* NSArray+MASAdditions.m in Sources */ = {isa = PBXBuildFile; fileRef = 2C76B6B61D6AF8F60052CCF8 /* NSArray+MASAdditions.m */; };
		2C76B6C61D6AF8F60052CCF8 /* NSLayoutConstraint+MASDebugAdditions.m in Sources */ = {isa = PBXBuildFile; fileRef = 2C76B6B91D6AF8F60052CCF8 /* NSLayoutConstraint+MASDebugAdditions.m */; };
		2C76B6C71D6AF8F60052CCF8 /* View+MASAdditions.m in Sources */ = {isa = PBXBuildFile; fileRef = 2C76B6BB1D6AF8F60052CCF8 /* View+MASAdditions.m */; };
		2C76B6C81D6AF8F60052CCF8 /* ViewController+MASAdditions.m in Sources */ = {isa = PBXBuildFile; fileRef = 2C76B6BE1D6AF8F60052CCF8 /* ViewController+MASAdditions.m */; };
		2C76B6CB1D6AFE410052CCF8 /* HRReadListCell.m in Sources */ = {isa = PBXBuildFile; fileRef = 2C76B6CA1D6AFE410052CCF8 /* HRReadListCell.m */; };
		2C7A08BB1D6ACBA30027B1B5 /* Main.storyboard in Resources */ = {isa = PBXBuildFile; fileRef = 2C7A08B91D6ACBA30027B1B5 /* Main.storyboard */; };
		2C7A08BD1D6ACBA30027B1B5 /* Assets.xcassets in Resources */ = {isa = PBXBuildFile; fileRef = 2C7A08BC1D6ACBA30027B1B5 /* Assets.xcassets */; };
		2C7A08C01D6ACBA30027B1B5 /* LaunchScreen.storyboard in Resources */ = {isa = PBXBuildFile; fileRef = 2C7A08BE1D6ACBA30027B1B5 /* LaunchScreen.storyboard */; };
		2C7A08D41D6ACC2A0027B1B5 /* AppDelegate.m in Sources */ = {isa = PBXBuildFile; fileRef = 2C7A08D11D6ACC2A0027B1B5 /* AppDelegate.m */; };
		2C7A08D51D6ACC2A0027B1B5 /* Info.plist in Resources */ = {isa = PBXBuildFile; fileRef = 2C7A08D21D6ACC2A0027B1B5 /* Info.plist */; };
		2C7A08D61D6ACC2A0027B1B5 /* main.m in Sources */ = {isa = PBXBuildFile; fileRef = 2C7A08D31D6ACC2A0027B1B5 /* main.m */; };
		2C7A08E11D6ACD380027B1B5 /* HRBaseController.m in Sources */ = {isa = PBXBuildFile; fileRef = 2C7A08E01D6ACD380027B1B5 /* HRBaseController.m */; };
		2C7A08E81D6ACE270027B1B5 /* HRRedListController.m in Sources */ = {isa = PBXBuildFile; fileRef = 2C7A08E71D6ACE270027B1B5 /* HRRedListController.m */; };
		2C7A08EB1D6ACE510027B1B5 /* HRSsettingController.m in Sources */ = {isa = PBXBuildFile; fileRef = 2C7A08EA1D6ACE510027B1B5 /* HRSsettingController.m */; };
		2C7A08EF1D6AD2070027B1B5 /* UIColor+ColorWithHex.m in Sources */ = {isa = PBXBuildFile; fileRef = 2C7A08EE1D6AD2070027B1B5 /* UIColor+ColorWithHex.m */; };
/* End PBXBuildFile section */

/* Begin PBXFileReference section */
		2C3EC1631D6C201B001A335A /* HRAllFloderController.h */ = {isa = PBXFileReference; fileEncoding = 4; lastKnownFileType = sourcecode.c.h; path = HRAllFloderController.h; sourceTree = "<group>"; };
		2C3EC1641D6C201B001A335A /* HRAllFloderController.m */ = {isa = PBXFileReference; fileEncoding = 4; lastKnownFileType = sourcecode.c.objc; path = HRAllFloderController.m; sourceTree = "<group>"; };
		2C41AACB1D6EBBE7007CE67E /* FMDatabase.h */ = {isa = PBXFileReference; fileEncoding = 4; lastKnownFileType = sourcecode.c.h; path = FMDatabase.h; sourceTree = "<group>"; };
		2C41AACC1D6EBBE7007CE67E /* FMDatabase.m */ = {isa = PBXFileReference; fileEncoding = 4; lastKnownFileType = sourcecode.c.objc; path = FMDatabase.m; sourceTree = "<group>"; };
		2C41AACD1D6EBBE7007CE67E /* FMDatabaseAdditions.h */ = {isa = PBXFileReference; fileEncoding = 4; lastKnownFileType = sourcecode.c.h; path = FMDatabaseAdditions.h; sourceTree = "<group>"; };
		2C41AACE1D6EBBE7007CE67E /* FMDatabaseAdditions.m */ = {isa = PBXFileReference; fileEncoding = 4; lastKnownFileType = sourcecode.c.objc; path = FMDatabaseAdditions.m; sourceTree = "<group>"; };
		2C41AACF1D6EBBE7007CE67E /* FMDatabasePool.h */ = {isa = PBXFileReference; fileEncoding = 4; lastKnownFileType = sourcecode.c.h; path = FMDatabasePool.h; sourceTree = "<group>"; };
		2C41AAD01D6EBBE7007CE67E /* FMDatabasePool.m */ = {isa = PBXFileReference; fileEncoding = 4; lastKnownFileType = sourcecode.c.objc; path = FMDatabasePool.m; sourceTree = "<group>"; };
		2C41AAD11D6EBBE7007CE67E /* FMDatabaseQueue.h */ = {isa = PBXFileReference; fileEncoding = 4; lastKnownFileType = sourcecode.c.h; path = FMDatabaseQueue.h; sourceTree = "<group>"; };
		2C41AAD21D6EBBE7007CE67E /* FMDatabaseQueue.m */ = {isa = PBXFileReference; fileEncoding = 4; lastKnownFileType = sourcecode.c.objc; path = FMDatabaseQueue.m; sourceTree = "<group>"; };
		2C41AAD31D6EBBE7007CE67E /* FMDB.h */ = {isa = PBXFileReference; fileEncoding = 4; lastKnownFileType = sourcecode.c.h; path = FMDB.h; sourceTree = "<group>"; };
		2C41AAD41D6EBBE7007CE67E /* FMResultSet.h */ = {isa = PBXFileReference; fileEncoding = 4; lastKnownFileType = sourcecode.c.h; path = FMResultSet.h; sourceTree = "<group>"; };
		2C41AAD51D6EBBE7007CE67E /* FMResultSet.m */ = {isa = PBXFileReference; fileEncoding = 4; lastKnownFileType = sourcecode.c.objc; path = FMResultSet.m; sourceTree = "<group>"; };
		2C41AADE1D6EF4BE007CE67E /* libsqlite3.tbd */ = {isa = PBXFileReference; lastKnownFileType = "sourcecode.text-based-dylib-definition"; name = libsqlite3.tbd; path = usr/lib/libsqlite3.tbd; sourceTree = SDKROOT; };
		2C41AAE21D6F06E2007CE67E /* HRDBHelper.h */ = {isa = PBXFileReference; fileEncoding = 4; lastKnownFileType = sourcecode.c.h; path = HRDBHelper.h; sourceTree = "<group>"; };
		2C41AAE31D6F06E2007CE67E /* HRDBHelper.m */ = {isa = PBXFileReference; fileEncoding = 4; lastKnownFileType = sourcecode.c.objc; path = HRDBHelper.m; sourceTree = "<group>"; };
		2C41AAE41D6F06E2007CE67E /* HRReadTool.h */ = {isa = PBXFileReference; fileEncoding = 4; lastKnownFileType = sourcecode.c.h; path = HRReadTool.h; sourceTree = "<group>"; };
		2C41AAE51D6F06E2007CE67E /* HRReadTool.m */ = {isa = PBXFileReference; fileEncoding = 4; lastKnownFileType = sourcecode.c.objc; path = HRReadTool.m; sourceTree = "<group>"; };
		2C41AAE81D6F0719007CE67E /* HRDecTxtTool.h */ = {isa = PBXFileReference; fileEncoding = 4; lastKnownFileType = sourcecode.c.h; path = HRDecTxtTool.h; sourceTree = "<group>"; };
		2C41AAE91D6F0719007CE67E /* HRDecTxtTool.m */ = {isa = PBXFileReference; fileEncoding = 4; lastKnownFileType = sourcecode.c.objc; path = HRDecTxtTool.m; sourceTree = "<group>"; };
		2C453E0C1D6D411E0061B535 /* HRTxtChapterModel.h */ = {isa = PBXFileReference; fileEncoding = 4; lastKnownFileType = sourcecode.c.h; path = HRTxtChapterModel.h; sourceTree = "<group>"; };
		2C453E0D1D6D411E0061B535 /* HRTxtChapterModel.m */ = {isa = PBXFileReference; fileEncoding = 4; lastKnownFileType = sourcecode.c.objc; path = HRTxtChapterModel.m; sourceTree = "<group>"; };
		2C453E0F1D6D426B0061B535 /* HRTxtModel.h */ = {isa = PBXFileReference; fileEncoding = 4; lastKnownFileType = sourcecode.c.h; path = HRTxtModel.h; sourceTree = "<group>"; };
		2C453E101D6D426B0061B535 /* HRTxtModel.m */ = {isa = PBXFileReference; fileEncoding = 4; lastKnownFileType = sourcecode.c.objc; path = HRTxtModel.m; sourceTree = "<group>"; };
		2C453E121D6D72980061B535 /* CoreText.framework */ = {isa = PBXFileReference; lastKnownFileType = wrapper.framework; name = CoreText.framework; path = System/Library/Frameworks/CoreText.framework; sourceTree = SDKROOT; };
		2C453E171D6D7BE20061B535 /* HRReadDetailController.h */ = {isa = PBXFileReference; fileEncoding = 4; lastKnownFileType = sourcecode.c.h; path = HRReadDetailController.h; sourceTree = "<group>"; };
		2C453E181D6D7BE20061B535 /* HRReadDetailController.m */ = {isa = PBXFileReference; fileEncoding = 4; lastKnownFileType = sourcecode.c.objc; path = HRReadDetailController.m; sourceTree = "<group>"; };
		2C453E1A1D6D8C870061B535 /* HRDidReadModel.h */ = {isa = PBXFileReference; fileEncoding = 4; lastKnownFileType = sourcecode.c.h; path = HRDidReadModel.h; sourceTree = "<group>"; };
		2C453E1B1D6D8C870061B535 /* HRDidReadModel.m */ = {isa = PBXFileReference; fileEncoding = 4; lastKnownFileType = sourcecode.c.objc; path = HRDidReadModel.m; sourceTree = "<group>"; };
		2C47E0EB1D71898600329CF2 /* HRChapterListController.h */ = {isa = PBXFileReference; fileEncoding = 4; lastKnownFileType = sourcecode.c.h; path = HRChapterListController.h; sourceTree = "<group>"; };
		2C47E0EC1D71898600329CF2 /* HRChapterListController.m */ = {isa = PBXFileReference; fileEncoding = 4; lastKnownFileType = sourcecode.c.objc; path = HRChapterListController.m; sourceTree = "<group>"; };
		2C6C9DA71D702D4A00D9EB00 /* HRBatteryView.h */ = {isa = PBXFileReference; fileEncoding = 4; lastKnownFileType = sourcecode.c.h; path = HRBatteryView.h; sourceTree = "<group>"; };
		2C6C9DA81D702D4A00D9EB00 /* HRBatteryView.m */ = {isa = PBXFileReference; fileEncoding = 4; lastKnownFileType = sourcecode.c.objc; path = HRBatteryView.m; sourceTree = "<group>"; };
		2C6C9DAA1D7034F400D9EB00 /* HRReadDetailView.h */ = {isa = PBXFileReference; fileEncoding = 4; lastKnownFileType = sourcecode.c.h; path = HRReadDetailView.h; sourceTree = "<group>"; };
		2C6C9DAB1D7034F400D9EB00 /* HRReadDetailView.m */ = {isa = PBXFileReference; fileEncoding = 4; lastKnownFileType = sourcecode.c.objc; path = HRReadDetailView.m; sourceTree = "<group>"; };
		2C76B6961D6ADB4E0052CCF8 /* UIImage+Color.h */ = {isa = PBXFileReference; fileEncoding = 4; lastKnownFileType = sourcecode.c.h; path = "UIImage+Color.h"; sourceTree = "<group>"; };
		2C76B6971D6ADB4E0052CCF8 /* UIImage+Color.m */ = {isa = PBXFileReference; fileEncoding = 4; lastKnownFileType = sourcecode.c.objc; path = "UIImage+Color.m"; sourceTree = "<group>"; };
		2C76B6981D6ADB4E0052CCF8 /* UIImage+ImageEffects.h */ = {isa = PBXFileReference; fileEncoding = 4; lastKnownFileType = sourcecode.c.h; path = "UIImage+ImageEffects.h"; sourceTree = "<group>"; };
		2C76B6991D6ADB4E0052CCF8 /* UIImage+ImageEffects.m */ = {isa = PBXFileReference; fileEncoding = 4; lastKnownFileType = sourcecode.c.objc; path = "UIImage+ImageEffects.m"; sourceTree = "<group>"; };
		2C76B69F1D6AE7500052CCF8 /* HRRecentController.h */ = {isa = PBXFileReference; fileEncoding = 4; lastKnownFileType = sourcecode.c.h; path = HRRecentController.h; sourceTree = "<group>"; };
		2C76B6A01D6AE7500052CCF8 /* HRRecentController.m */ = {isa = PBXFileReference; fileEncoding = 4; lastKnownFileType = sourcecode.c.objc; path = HRRecentController.m; sourceTree = "<group>"; };
		2C76B6A61D6AF8F60052CCF8 /* MASCompositeConstraint.h */ = {isa = PBXFileReference; fileEncoding = 4; lastKnownFileType = sourcecode.c.h; path = MASCompositeConstraint.h; sourceTree = "<group>"; };
		2C76B6A71D6AF8F60052CCF8 /* MASCompositeConstraint.m */ = {isa = PBXFileReference; fileEncoding = 4; lastKnownFileType = sourcecode.c.objc; path = MASCompositeConstraint.m; sourceTree = "<group>"; };
		2C76B6A81D6AF8F60052CCF8 /* MASConstraint+Private.h */ = {isa = PBXFileReference; fileEncoding = 4; lastKnownFileType = sourcecode.c.h; path = "MASConstraint+Private.h"; sourceTree = "<group>"; };
		2C76B6A91D6AF8F60052CCF8 /* MASConstraint.h */ = {isa = PBXFileReference; fileEncoding = 4; lastKnownFileType = sourcecode.c.h; path = MASConstraint.h; sourceTree = "<group>"; };
		2C76B6AA1D6AF8F60052CCF8 /* MASConstraint.m */ = {isa = PBXFileReference; fileEncoding = 4; lastKnownFileType = sourcecode.c.objc; path = MASConstraint.m; sourceTree = "<group>"; };
		2C76B6AB1D6AF8F60052CCF8 /* MASConstraintMaker.h */ = {isa = PBXFileReference; fileEncoding = 4; lastKnownFileType = sourcecode.c.h; path = MASConstraintMaker.h; sourceTree = "<group>"; };
		2C76B6AC1D6AF8F60052CCF8 /* MASConstraintMaker.m */ = {isa = PBXFileReference; fileEncoding = 4; lastKnownFileType = sourcecode.c.objc; path = MASConstraintMaker.m; sourceTree = "<group>"; };
		2C76B6AD1D6AF8F60052CCF8 /* MASLayoutConstraint.h */ = {isa = PBXFileReference; fileEncoding = 4; lastKnownFileType = sourcecode.c.h; path = MASLayoutConstraint.h; sourceTree = "<group>"; };
		2C76B6AE1D6AF8F60052CCF8 /* MASLayoutConstraint.m */ = {isa = PBXFileReference; fileEncoding = 4; lastKnownFileType = sourcecode.c.objc; path = MASLayoutConstraint.m; sourceTree = "<group>"; };
		2C76B6AF1D6AF8F60052CCF8 /* Masonry.h */ = {isa = PBXFileReference; fileEncoding = 4; lastKnownFileType = sourcecode.c.h; path = Masonry.h; sourceTree = "<group>"; };
		2C76B6B01D6AF8F60052CCF8 /* MASUtilities.h */ = {isa = PBXFileReference; fileEncoding = 4; lastKnownFileType = sourcecode.c.h; path = MASUtilities.h; sourceTree = "<group>"; };
		2C76B6B11D6AF8F60052CCF8 /* MASViewAttribute.h */ = {isa = PBXFileReference; fileEncoding = 4; lastKnownFileType = sourcecode.c.h; path = MASViewAttribute.h; sourceTree = "<group>"; };
		2C76B6B21D6AF8F60052CCF8 /* MASViewAttribute.m */ = {isa = PBXFileReference; fileEncoding = 4; lastKnownFileType = sourcecode.c.objc; path = MASViewAttribute.m; sourceTree = "<group>"; };
		2C76B6B31D6AF8F60052CCF8 /* MASViewConstraint.h */ = {isa = PBXFileReference; fileEncoding = 4; lastKnownFileType = sourcecode.c.h; path = MASViewConstraint.h; sourceTree = "<group>"; };
		2C76B6B41D6AF8F60052CCF8 /* MASViewConstraint.m */ = {isa = PBXFileReference; fileEncoding = 4; lastKnownFileType = sourcecode.c.objc; path = MASViewConstraint.m; sourceTree = "<group>"; };
		2C76B6B51D6AF8F60052CCF8 /* NSArray+MASAdditions.h */ = {isa = PBXFileReference; fileEncoding = 4; lastKnownFileType = sourcecode.c.h; path = "NSArray+MASAdditions.h"; sourceTree = "<group>"; };
		2C76B6B61D6AF8F60052CCF8 /* NSArray+MASAdditions.m */ = {isa = PBXFileReference; fileEncoding = 4; lastKnownFileType = sourcecode.c.objc; path = "NSArray+MASAdditions.m"; sourceTree = "<group>"; };
		2C76B6B71D6AF8F60052CCF8 /* NSArray+MASShorthandAdditions.h */ = {isa = PBXFileReference; fileEncoding = 4; lastKnownFileType = sourcecode.c.h; path = "NSArray+MASShorthandAdditions.h"; sourceTree = "<group>"; };
		2C76B6B81D6AF8F60052CCF8 /* NSLayoutConstraint+MASDebugAdditions.h */ = {isa = PBXFileReference; fileEncoding = 4; lastKnownFileType = sourcecode.c.h; path = "NSLayoutConstraint+MASDebugAdditions.h"; sourceTree = "<group>"; };
		2C76B6B91D6AF8F60052CCF8 /* NSLayoutConstraint+MASDebugAdditions.m */ = {isa = PBXFileReference; fileEncoding = 4; lastKnownFileType = sourcecode.c.objc; path = "NSLayoutConstraint+MASDebugAdditions.m"; sourceTree = "<group>"; };
		2C76B6BA1D6AF8F60052CCF8 /* View+MASAdditions.h */ = {isa = PBXFileReference; fileEncoding = 4; lastKnownFileType = sourcecode.c.h; path = "View+MASAdditions.h"; sourceTree = "<group>"; };
		2C76B6BB1D6AF8F60052CCF8 /* View+MASAdditions.m */ = {isa = PBXFileReference; fileEncoding = 4; lastKnownFileType = sourcecode.c.objc; path = "View+MASAdditions.m"; sourceTree = "<group>"; };
		2C76B6BC1D6AF8F60052CCF8 /* View+MASShorthandAdditions.h */ = {isa = PBXFileReference; fileEncoding = 4; lastKnownFileType = sourcecode.c.h; path = "View+MASShorthandAdditions.h"; sourceTree = "<group>"; };
		2C76B6BD1D6AF8F60052CCF8 /* ViewController+MASAdditions.h */ = {isa = PBXFileReference; fileEncoding = 4; lastKnownFileType = sourcecode.c.h; path = "ViewController+MASAdditions.h"; sourceTree = "<group>"; };
		2C76B6BE1D6AF8F60052CCF8 /* ViewController+MASAdditions.m */ = {isa = PBXFileReference; fileEncoding = 4; lastKnownFileType = sourcecode.c.objc; path = "ViewController+MASAdditions.m"; sourceTree = "<group>"; };
		2C76B6C91D6AFE410052CCF8 /* HRReadListCell.h */ = {isa = PBXFileReference; fileEncoding = 4; lastKnownFileType = sourcecode.c.h; path = HRReadListCell.h; sourceTree = "<group>"; };
		2C76B6CA1D6AFE410052CCF8 /* HRReadListCell.m */ = {isa = PBXFileReference; fileEncoding = 4; lastKnownFileType = sourcecode.c.objc; path = HRReadListCell.m; sourceTree = "<group>"; };
		2C7A08AD1D6ACBA30027B1B5 /* HostRead.app */ = {isa = PBXFileReference; explicitFileType = wrapper.application; includeInIndex = 0; path = HostRead.app; sourceTree = BUILT_PRODUCTS_DIR; };
		2C7A08BA1D6ACBA30027B1B5 /* Base */ = {isa = PBXFileReference; lastKnownFileType = file.storyboard; name = Base; path = Base.lproj/Main.storyboard; sourceTree = "<group>"; };
		2C7A08BC1D6ACBA30027B1B5 /* Assets.xcassets */ = {isa = PBXFileReference; lastKnownFileType = folder.assetcatalog; path = Assets.xcassets; sourceTree = "<group>"; };
		2C7A08BF1D6ACBA30027B1B5 /* Base */ = {isa = PBXFileReference; lastKnownFileType = file.storyboard; name = Base; path = Base.lproj/LaunchScreen.storyboard; sourceTree = "<group>"; };
		2C7A08D01D6ACC2A0027B1B5 /* AppDelegate.h */ = {isa = PBXFileReference; fileEncoding = 4; lastKnownFileType = sourcecode.c.h; path = AppDelegate.h; sourceTree = "<group>"; };
		2C7A08D11D6ACC2A0027B1B5 /* AppDelegate.m */ = {isa = PBXFileReference; fileEncoding = 4; lastKnownFileType = sourcecode.c.objc; path = AppDelegate.m; sourceTree = "<group>"; };
		2C7A08D21D6ACC2A0027B1B5 /* Info.plist */ = {isa = PBXFileReference; fileEncoding = 4; lastKnownFileType = text.plist.xml; path = Info.plist; sourceTree = "<group>"; };
		2C7A08D31D6ACC2A0027B1B5 /* main.m */ = {isa = PBXFileReference; fileEncoding = 4; lastKnownFileType = sourcecode.c.objc; path = main.m; sourceTree = "<group>"; };
		2C7A08DF1D6ACD380027B1B5 /* HRBaseController.h */ = {isa = PBXFileReference; fileEncoding = 4; lastKnownFileType = sourcecode.c.h; path = HRBaseController.h; sourceTree = "<group>"; };
		2C7A08E01D6ACD380027B1B5 /* HRBaseController.m */ = {isa = PBXFileReference; fileEncoding = 4; lastKnownFileType = sourcecode.c.objc; path = HRBaseController.m; sourceTree = "<group>"; };
		2C7A08E61D6ACE270027B1B5 /* HRRedListController.h */ = {isa = PBXFileReference; fileEncoding = 4; lastKnownFileType = sourcecode.c.h; path = HRRedListController.h; sourceTree = "<group>"; };
		2C7A08E71D6ACE270027B1B5 /* HRRedListController.m */ = {isa = PBXFileReference; fileEncoding = 4; lastKnownFileType = sourcecode.c.objc; path = HRRedListController.m; sourceTree = "<group>"; };
		2C7A08E91D6ACE510027B1B5 /* HRSsettingController.h */ = {isa = PBXFileReference; fileEncoding = 4; lastKnownFileType = sourcecode.c.h; path = HRSsettingController.h; sourceTree = "<group>"; };
		2C7A08EA1D6ACE510027B1B5 /* HRSsettingController.m */ = {isa = PBXFileReference; fileEncoding = 4; lastKnownFileType = sourcecode.c.objc; path = HRSsettingController.m; sourceTree = "<group>"; };
		2C7A08ED1D6AD2070027B1B5 /* UIColor+ColorWithHex.h */ = {isa = PBXFileReference; fileEncoding = 4; lastKnownFileType = sourcecode.c.h; path = "UIColor+ColorWithHex.h"; sourceTree = "<group>"; };
		2C7A08EE1D6AD2070027B1B5 /* UIColor+ColorWithHex.m */ = {isa = PBXFileReference; fileEncoding = 4; lastKnownFileType = sourcecode.c.objc; path = "UIColor+ColorWithHex.m"; sourceTree = "<group>"; };
		2C7A08F01D6AD2390027B1B5 /* HostRead_Prefix.pch */ = {isa = PBXFileReference; lastKnownFileType = sourcecode.c.h; path = HostRead_Prefix.pch; sourceTree = "<group>"; };
/* End PBXFileReference section */

/* Begin PBXFrameworksBuildPhase section */
		2C7A08AA1D6ACBA30027B1B5 /* Frameworks */ = {
			isa = PBXFrameworksBuildPhase;
			buildActionMask = 2147483647;
			files = (
				2C41AADF1D6EF4BE007CE67E /* libsqlite3.tbd in Frameworks */,
				2C453E131D6D72980061B535 /* CoreText.framework in Frameworks */,
			);
			runOnlyForDeploymentPostprocessing = 0;
		};
/* End PBXFrameworksBuildPhase section */

/* Begin PBXGroup section */
		2C41AACA1D6EBBE7007CE67E /* fmdb */ = {
			isa = PBXGroup;
			children = (
				2C41AACB1D6EBBE7007CE67E /* FMDatabase.h */,
				2C41AACC1D6EBBE7007CE67E /* FMDatabase.m */,
				2C41AACD1D6EBBE7007CE67E /* FMDatabaseAdditions.h */,
				2C41AACE1D6EBBE7007CE67E /* FMDatabaseAdditions.m */,
				2C41AACF1D6EBBE7007CE67E /* FMDatabasePool.h */,
				2C41AAD01D6EBBE7007CE67E /* FMDatabasePool.m */,
				2C41AAD11D6EBBE7007CE67E /* FMDatabaseQueue.h */,
				2C41AAD21D6EBBE7007CE67E /* FMDatabaseQueue.m */,
				2C41AAD31D6EBBE7007CE67E /* FMDB.h */,
				2C41AAD41D6EBBE7007CE67E /* FMResultSet.h */,
				2C41AAD51D6EBBE7007CE67E /* FMResultSet.m */,
			);
			path = fmdb;
			sourceTree = "<group>";
		};
		2C41AAE01D6EF4D7007CE67E /* FrameWork */ = {
			isa = PBXGroup;
			children = (
				2C41AADE1D6EF4BE007CE67E /* libsqlite3.tbd */,
				2C453E121D6D72980061B535 /* CoreText.framework */,
			);
			name = FrameWork;
			sourceTree = "<group>";
		};
		2C41AAE11D6F06E2007CE67E /* Tool */ = {
			isa = PBXGroup;
			children = (
				2C41AAE21D6F06E2007CE67E /* HRDBHelper.h */,
				2C41AAE31D6F06E2007CE67E /* HRDBHelper.m */,
				2C41AAE41D6F06E2007CE67E /* HRReadTool.h */,
				2C41AAE51D6F06E2007CE67E /* HRReadTool.m */,
				2C41AAE81D6F0719007CE67E /* HRDecTxtTool.h */,
				2C41AAE91D6F0719007CE67E /* HRDecTxtTool.m */,
			);
			path = Tool;
			sourceTree = "<group>";
		};
		2C453E0B1D6D40830061B535 /* Models */ = {
			isa = PBXGroup;
			children = (
				2C453E0C1D6D411E0061B535 /* HRTxtChapterModel.h */,
				2C453E0D1D6D411E0061B535 /* HRTxtChapterModel.m */,
				2C453E0F1D6D426B0061B535 /* HRTxtModel.h */,
				2C453E101D6D426B0061B535 /* HRTxtModel.m */,
				2C453E1A1D6D8C870061B535 /* HRDidReadModel.h */,
				2C453E1B1D6D8C870061B535 /* HRDidReadModel.m */,
			);
			path = Models;
			sourceTree = "<group>";
		};
		2C453E141D6D7B930061B535 /* ReadDetail */ = {
			isa = PBXGroup;
			children = (
				2C453E151D6D7B930061B535 /* Controllers */,
				2C453E161D6D7B930061B535 /* Views */,
			);
			path = ReadDetail;
			sourceTree = "<group>";
		};
		2C453E151D6D7B930061B535 /* Controllers */ = {
			isa = PBXGroup;
			children = (
				2C453E171D6D7BE20061B535 /* HRReadDetailController.h */,
				2C453E181D6D7BE20061B535 /* HRReadDetailController.m */,
				2C47E0EB1D71898600329CF2 /* HRChapterListController.h */,
				2C47E0EC1D71898600329CF2 /* HRChapterListController.m */,
			);
			path = Controllers;
			sourceTree = "<group>";
		};
		2C453E161D6D7B930061B535 /* Views */ = {
			isa = PBXGroup;
			children = (
			);
			path = Views;
			sourceTree = "<group>";
		};
		2C6C9DA61D702D2C00D9EB00 /* ToolView */ = {
			isa = PBXGroup;
			children = (
				2C6C9DA71D702D4A00D9EB00 /* HRBatteryView.h */,
				2C6C9DA81D702D4A00D9EB00 /* HRBatteryView.m */,
				2C6C9DAA1D7034F400D9EB00 /* HRReadDetailView.h */,
				2C6C9DAB1D7034F400D9EB00 /* HRReadDetailView.m */,
			);
			path = ToolView;
			sourceTree = "<group>";
		};
		2C76B6951D6ADB4E0052CCF8 /* UIImage */ = {
			isa = PBXGroup;
			children = (
				2C76B6961D6ADB4E0052CCF8 /* UIImage+Color.h */,
				2C76B6971D6ADB4E0052CCF8 /* UIImage+Color.m */,
				2C76B6981D6ADB4E0052CCF8 /* UIImage+ImageEffects.h */,
				2C76B6991D6ADB4E0052CCF8 /* UIImage+ImageEffects.m */,
			);
			path = UIImage;
			sourceTree = "<group>";
		};
		2C76B69C1D6AE7220052CCF8 /* Recent */ = {
			isa = PBXGroup;
			children = (
				2C76B69D1D6AE7220052CCF8 /* Controllers */,
				2C76B69E1D6AE7220052CCF8 /* Views */,
			);
			path = Recent;
			sourceTree = "<group>";
		};
		2C76B69D1D6AE7220052CCF8 /* Controllers */ = {
			isa = PBXGroup;
			children = (
				2C76B69F1D6AE7500052CCF8 /* HRRecentController.h */,
				2C76B6A01D6AE7500052CCF8 /* HRRecentController.m */,
			);
			path = Controllers;
			sourceTree = "<group>";
		};
		2C76B69E1D6AE7220052CCF8 /* Views */ = {
			isa = PBXGroup;
			children = (
			);
			path = Views;
			sourceTree = "<group>";
		};
		2C76B6A51D6AF8F60052CCF8 /* Masonry */ = {
			isa = PBXGroup;
			children = (
				2C76B6A61D6AF8F60052CCF8 /* MASCompositeConstraint.h */,
				2C76B6A71D6AF8F60052CCF8 /* MASCompositeConstraint.m */,
				2C76B6A81D6AF8F60052CCF8 /* MASConstraint+Private.h */,
				2C76B6A91D6AF8F60052CCF8 /* MASConstraint.h */,
				2C76B6AA1D6AF8F60052CCF8 /* MASConstraint.m */,
				2C76B6AB1D6AF8F60052CCF8 /* MASConstraintMaker.h */,
				2C76B6AC1D6AF8F60052CCF8 /* MASConstraintMaker.m */,
				2C76B6AD1D6AF8F60052CCF8 /* MASLayoutConstraint.h */,
				2C76B6AE1D6AF8F60052CCF8 /* MASLayoutConstraint.m */,
				2C76B6AF1D6AF8F60052CCF8 /* Masonry.h */,
				2C76B6B01D6AF8F60052CCF8 /* MASUtilities.h */,
				2C76B6B11D6AF8F60052CCF8 /* MASViewAttribute.h */,
				2C76B6B21D6AF8F60052CCF8 /* MASViewAttribute.m */,
				2C76B6B31D6AF8F60052CCF8 /* MASViewConstraint.h */,
				2C76B6B41D6AF8F60052CCF8 /* MASViewConstraint.m */,
				2C76B6B51D6AF8F60052CCF8 /* NSArray+MASAdditions.h */,
				2C76B6B61D6AF8F60052CCF8 /* NSArray+MASAdditions.m */,
				2C76B6B71D6AF8F60052CCF8 /* NSArray+MASShorthandAdditions.h */,
				2C76B6B81D6AF8F60052CCF8 /* NSLayoutConstraint+MASDebugAdditions.h */,
				2C76B6B91D6AF8F60052CCF8 /* NSLayoutConstraint+MASDebugAdditions.m */,
				2C76B6BA1D6AF8F60052CCF8 /* View+MASAdditions.h */,
				2C76B6BB1D6AF8F60052CCF8 /* View+MASAdditions.m */,
				2C76B6BC1D6AF8F60052CCF8 /* View+MASShorthandAdditions.h */,
				2C76B6BD1D6AF8F60052CCF8 /* ViewController+MASAdditions.h */,
				2C76B6BE1D6AF8F60052CCF8 /* ViewController+MASAdditions.m */,
			);
			path = Masonry;
			sourceTree = "<group>";
		};
		2C7A08A41D6ACBA30027B1B5 = {
			isa = PBXGroup;
			children = (
				2C7A08AF1D6ACBA30027B1B5 /* HostRead */,
				2C7A08AE1D6ACBA30027B1B5 /* Products */,
			);
			sourceTree = "<group>";
		};
		2C7A08AE1D6ACBA30027B1B5 /* Products */ = {
			isa = PBXGroup;
			children = (
				2C7A08AD1D6ACBA30027B1B5 /* HostRead.app */,
			);
			name = Products;
			sourceTree = "<group>";
		};
		2C7A08AF1D6ACBA30027B1B5 /* HostRead */ = {
			isa = PBXGroup;
			children = (
				2C453E141D6D7B930061B535 /* ReadDetail */,
				2C76B69C1D6AE7220052CCF8 /* Recent */,
				2C7A08D71D6ACC6E0027B1B5 /* RedList */,
				2C7A08DA1D6ACC6E0027B1B5 /* Setting */,
				2C7A08DE1D6ACCAD0027B1B5 /* Utils */,
				2C7A08B91D6ACBA30027B1B5 /* Main.storyboard */,
				2C7A08BC1D6ACBA30027B1B5 /* Assets.xcassets */,
				2C7A08BE1D6ACBA30027B1B5 /* LaunchScreen.storyboard */,
				2C41AAE01D6EF4D7007CE67E /* FrameWork */,
				2C7A08CF1D6ACC2A0027B1B5 /* Supporting Files */,
			);
			path = HostRead;
			sourceTree = "<group>";
		};
		2C7A08CF1D6ACC2A0027B1B5 /* Supporting Files */ = {
			isa = PBXGroup;
			children = (
				2C7A08D01D6ACC2A0027B1B5 /* AppDelegate.h */,
				2C7A08D11D6ACC2A0027B1B5 /* AppDelegate.m */,
				2C7A08D21D6ACC2A0027B1B5 /* Info.plist */,
				2C7A08D31D6ACC2A0027B1B5 /* main.m */,
				2C7A08F01D6AD2390027B1B5 /* HostRead_Prefix.pch */,
			);
			path = "Supporting Files";
			sourceTree = "<group>";
		};
		2C7A08D71D6ACC6E0027B1B5 /* RedList */ = {
			isa = PBXGroup;
			children = (
				2C7A08D81D6ACC6E0027B1B5 /* Controllers */,
				2C453E0B1D6D40830061B535 /* Models */,
				2C7A08D91D6ACC6E0027B1B5 /* Views */,
			);
			path = RedList;
			sourceTree = "<group>";
		};
		2C7A08D81D6ACC6E0027B1B5 /* Controllers */ = {
			isa = PBXGroup;
			children = (
				2C7A08E61D6ACE270027B1B5 /* HRRedListController.h */,
				2C7A08E71D6ACE270027B1B5 /* HRRedListController.m */,
				2C3EC1631D6C201B001A335A /* HRAllFloderController.h */,
				2C3EC1641D6C201B001A335A /* HRAllFloderController.m */,
			);
			path = Controllers;
			sourceTree = "<group>";
		};
		2C7A08D91D6ACC6E0027B1B5 /* Views */ = {
			isa = PBXGroup;
			children = (
				2C76B6C91D6AFE410052CCF8 /* HRReadListCell.h */,
				2C76B6CA1D6AFE410052CCF8 /* HRReadListCell.m */,
			);
			path = Views;
			sourceTree = "<group>";
		};
		2C7A08DA1D6ACC6E0027B1B5 /* Setting */ = {
			isa = PBXGroup;
			children = (
				2C7A08DB1D6ACC6E0027B1B5 /* Controllers */,
				2C7A08DC1D6ACC6E0027B1B5 /* Views */,
			);
			path = Setting;
			sourceTree = "<group>";
		};
		2C7A08DB1D6ACC6E0027B1B5 /* Controllers */ = {
			isa = PBXGroup;
			children = (
				2C7A08E91D6ACE510027B1B5 /* HRSsettingController.h */,
				2C7A08EA1D6ACE510027B1B5 /* HRSsettingController.m */,
			);
			path = Controllers;
			sourceTree = "<group>";
		};
		2C7A08DC1D6ACC6E0027B1B5 /* Views */ = {
			isa = PBXGroup;
			children = (
			);
			path = Views;
			sourceTree = "<group>";
		};
		2C7A08DE1D6ACCAD0027B1B5 /* Utils */ = {
			isa = PBXGroup;
			children = (
				2C6C9DA61D702D2C00D9EB00 /* ToolView */,
				2C41AAE11D6F06E2007CE67E /* Tool */,
				2C41AACA1D6EBBE7007CE67E /* fmdb */,
				2C76B6A51D6AF8F60052CCF8 /* Masonry */,
				2C76B6951D6ADB4E0052CCF8 /* UIImage */,
				2C7A08EC1D6AD2070027B1B5 /* UIColor */,
				2C7A08DF1D6ACD380027B1B5 /* HRBaseController.h */,
				2C7A08E01D6ACD380027B1B5 /* HRBaseController.m */,
			);
			path = Utils;
			sourceTree = "<group>";
		};
		2C7A08EC1D6AD2070027B1B5 /* UIColor */ = {
			isa = PBXGroup;
			children = (
				2C7A08ED1D6AD2070027B1B5 /* UIColor+ColorWithHex.h */,
				2C7A08EE1D6AD2070027B1B5 /* UIColor+ColorWithHex.m */,
			);
			path = UIColor;
			sourceTree = "<group>";
		};
/* End PBXGroup section */

/* Begin PBXNativeTarget section */
		2C7A08AC1D6ACBA30027B1B5 /* HostRead */ = {
			isa = PBXNativeTarget;
			buildConfigurationList = 2C7A08C41D6ACBA30027B1B5 /* Build configuration list for PBXNativeTarget "HostRead" */;
			buildPhases = (
				2C7A08A91D6ACBA30027B1B5 /* Sources */,
				2C7A08AA1D6ACBA30027B1B5 /* Frameworks */,
				2C7A08AB1D6ACBA30027B1B5 /* Resources */,
			);
			buildRules = (
			);
			dependencies = (
			);
			name = HostRead;
			productName = HostRead;
			productReference = 2C7A08AD1D6ACBA30027B1B5 /* HostRead.app */;
			productType = "com.apple.product-type.application";
		};
/* End PBXNativeTarget section */

/* Begin PBXProject section */
		2C7A08A51D6ACBA30027B1B5 /* Project object */ = {
			isa = PBXProject;
			attributes = {
				LastUpgradeCheck = 0730;
				ORGANIZATIONNAME = kawaii;
				TargetAttributes = {
					2C7A08AC1D6ACBA30027B1B5 = {
						CreatedOnToolsVersion = 7.3;
					};
				};
			};
			buildConfigurationList = 2C7A08A81D6ACBA30027B1B5 /* Build configuration list for PBXProject "HostRead" */;
			compatibilityVersion = "Xcode 3.2";
			developmentRegion = English;
			hasScannedForEncodings = 0;
			knownRegions = (
				en,
				Base,
			);
			mainGroup = 2C7A08A41D6ACBA30027B1B5;
			productRefGroup = 2C7A08AE1D6ACBA30027B1B5 /* Products */;
			projectDirPath = "";
			projectRoot = "";
			targets = (
				2C7A08AC1D6ACBA30027B1B5 /* HostRead */,
			);
		};
/* End PBXProject section */

/* Begin PBXResourcesBuildPhase section */
		2C7A08AB1D6ACBA30027B1B5 /* Resources */ = {
			isa = PBXResourcesBuildPhase;
			buildActionMask = 2147483647;
			files = (
				2C7A08D51D6ACC2A0027B1B5 /* Info.plist in Resources */,
				2C7A08C01D6ACBA30027B1B5 /* LaunchScreen.storyboard in Resources */,
				2C7A08BD1D6ACBA30027B1B5 /* Assets.xcassets in Resources */,
				2C7A08BB1D6ACBA30027B1B5 /* Main.storyboard in Resources */,
			);
			runOnlyForDeploymentPostprocessing = 0;
		};
/* End PBXResourcesBuildPhase section */

/* Begin PBXSourcesBuildPhase section */
		2C7A08A91D6ACBA30027B1B5 /* Sources */ = {
			isa = PBXSourcesBuildPhase;
			buildActionMask = 2147483647;
			files = (
				2C76B6C71D6AF8F60052CCF8 /* View+MASAdditions.m in Sources */,
				2C3EC1651D6C201B001A335A /* HRAllFloderController.m in Sources */,
				2C76B69B1D6ADB4E0052CCF8 /* UIImage+ImageEffects.m in Sources */,
				2C76B6A11D6AE7500052CCF8 /* HRRecentController.m in Sources */,
				2C41AAD81D6EBBE7007CE67E /* FMDatabasePool.m in Sources */,
				2C47E0ED1D71898600329CF2 /* HRChapterListController.m in Sources */,
				2C41AAD91D6EBBE7007CE67E /* FMDatabaseQueue.m in Sources */,
				2C6C9DAC1D7034F400D9EB00 /* HRReadDetailView.m in Sources */,
				2C76B6CB1D6AFE410052CCF8 /* HRReadListCell.m in Sources */,
				2C7A08D61D6ACC2A0027B1B5 /* main.m in Sources */,
				2C7A08E81D6ACE270027B1B5 /* HRRedListController.m in Sources */,
				2C76B69A1D6ADB4E0052CCF8 /* UIImage+Color.m in Sources */,
				2C76B6C81D6AF8F60052CCF8 /* ViewController+MASAdditions.m in Sources */,
				2C41AADA1D6EBBE7007CE67E /* FMResultSet.m in Sources */,
				2C76B6C31D6AF8F60052CCF8 /* MASViewAttribute.m in Sources */,
				2C41AAE61D6F06E2007CE67E /* HRDBHelper.m in Sources */,
				2C76B6BF1D6AF8F60052CCF8 /* MASCompositeConstraint.m in Sources */,
				2C7A08EB1D6ACE510027B1B5 /* HRSsettingController.m in Sources */,
				2C41AAD61D6EBBE7007CE67E /* FMDatabase.m in Sources */,
				2C7A08EF1D6AD2070027B1B5 /* UIColor+ColorWithHex.m in Sources */,
				2C453E1C1D6D8C870061B535 /* HRDidReadModel.m in Sources */,
				2C453E191D6D7BE20061B535 /* HRReadDetailController.m in Sources */,
				2C76B6C11D6AF8F60052CCF8 /* MASConstraintMaker.m in Sources */,
				2C41AAEA1D6F0719007CE67E /* HRDecTxtTool.m in Sources */,
				2C453E0E1D6D411E0061B535 /* HRTxtChapterModel.m in Sources */,
				2C76B6C01D6AF8F60052CCF8 /* MASConstraint.m in Sources */,
				2C41AAD71D6EBBE7007CE67E /* FMDatabaseAdditions.m in Sources */,
				2C76B6C61D6AF8F60052CCF8 /* NSLayoutConstraint+MASDebugAdditions.m in Sources */,
				2C76B6C21D6AF8F60052CCF8 /* MASLayoutConstraint.m in Sources */,
				2C453E111D6D426B0061B535 /* HRTxtModel.m in Sources */,
				2C6C9DA91D702D4A00D9EB00 /* HRBatteryView.m in Sources */,
				2C41AAE71D6F06E2007CE67E /* HRReadTool.m in Sources */,
				2C76B6C51D6AF8F60052CCF8 /* NSArray+MASAdditions.m in Sources */,
				2C7A08D41D6ACC2A0027B1B5 /* AppDelegate.m in Sources */,
				2C7A08E11D6ACD380027B1B5 /* HRBaseController.m in Sources */,
				2C76B6C41D6AF8F60052CCF8 /* MASViewConstraint.m in Sources */,
			);
			runOnlyForDeploymentPostprocessing = 0;
		};
/* End PBXSourcesBuildPhase section */

/* Begin PBXVariantGroup section */
		2C7A08B91D6ACBA30027B1B5 /* Main.storyboard */ = {
			isa = PBXVariantGroup;
			children = (
				2C7A08BA1D6ACBA30027B1B5 /* Base */,
			);
			name = Main.storyboard;
			sourceTree = "<group>";
		};
		2C7A08BE1D6ACBA30027B1B5 /* LaunchScreen.storyboard */ = {
			isa = PBXVariantGroup;
			children = (
				2C7A08BF1D6ACBA30027B1B5 /* Base */,
			);
			name = LaunchScreen.storyboard;
			sourceTree = "<group>";
		};
/* End PBXVariantGroup section */

/* Begin XCBuildConfiguration section */
		2C7A08C21D6ACBA30027B1B5 /* Debug */ = {
			isa = XCBuildConfiguration;
			buildSettings = {
				ALWAYS_SEARCH_USER_PATHS = NO;
				CLANG_ANALYZER_NONNULL = YES;
				CLANG_CXX_LANGUAGE_STANDARD = "gnu++0x";
				CLANG_CXX_LIBRARY = "libc++";
				CLANG_ENABLE_MODULES = YES;
				CLANG_ENABLE_OBJC_ARC = YES;
				CLANG_WARN_BOOL_CONVERSION = YES;
				CLANG_WARN_CONSTANT_CONVERSION = YES;
				CLANG_WARN_DIRECT_OBJC_ISA_USAGE = YES_ERROR;
				CLANG_WARN_EMPTY_BODY = YES;
				CLANG_WARN_ENUM_CONVERSION = YES;
				CLANG_WARN_INT_CONVERSION = YES;
				CLANG_WARN_OBJC_ROOT_CLASS = YES_ERROR;
				CLANG_WARN_UNREACHABLE_CODE = YES;
				CLANG_WARN__DUPLICATE_METHOD_MATCH = YES;
				"CODE_SIGN_IDENTITY[sdk=iphoneos*]" = "iPhone Developer";
				COPY_PHASE_STRIP = NO;
				DEBUG_INFORMATION_FORMAT = dwarf;
				ENABLE_STRICT_OBJC_MSGSEND = YES;
				ENABLE_TESTABILITY = YES;
				GCC_C_LANGUAGE_STANDARD = gnu99;
				GCC_DYNAMIC_NO_PIC = NO;
				GCC_NO_COMMON_BLOCKS = YES;
				GCC_OPTIMIZATION_LEVEL = 0;
				GCC_PREPROCESSOR_DEFINITIONS = (
					"DEBUG=1",
					"$(inherited)",
				);
				GCC_WARN_64_TO_32_BIT_CONVERSION = YES;
				GCC_WARN_ABOUT_RETURN_TYPE = YES_ERROR;
				GCC_WARN_UNDECLARED_SELECTOR = YES;
				GCC_WARN_UNINITIALIZED_AUTOS = YES_AGGRESSIVE;
				GCC_WARN_UNUSED_FUNCTION = YES;
				GCC_WARN_UNUSED_VARIABLE = YES;
				IPHONEOS_DEPLOYMENT_TARGET = 9.3;
				MTL_ENABLE_DEBUG_INFO = YES;
				ONLY_ACTIVE_ARCH = YES;
				SDKROOT = iphoneos;
				TARGETED_DEVICE_FAMILY = "1,2";
			};
			name = Debug;
		};
		2C7A08C31D6ACBA30027B1B5 /* Release */ = {
			isa = XCBuildConfiguration;
			buildSettings = {
				ALWAYS_SEARCH_USER_PATHS = NO;
				CLANG_ANALYZER_NONNULL = YES;
				CLANG_CXX_LANGUAGE_STANDARD = "gnu++0x";
				CLANG_CXX_LIBRARY = "libc++";
				CLANG_ENABLE_MODULES = YES;
				CLANG_ENABLE_OBJC_ARC = YES;
				CLANG_WARN_BOOL_CONVERSION = YES;
				CLANG_WARN_CONSTANT_CONVERSION = YES;
				CLANG_WARN_DIRECT_OBJC_ISA_USAGE = YES_ERROR;
				CLANG_WARN_EMPTY_BODY = YES;
				CLANG_WARN_ENUM_CONVERSION = YES;
				CLANG_WARN_INT_CONVERSION = YES;
				CLANG_WARN_OBJC_ROOT_CLASS = YES_ERROR;
				CLANG_WARN_UNREACHABLE_CODE = YES;
				CLANG_WARN__DUPLICATE_METHOD_MATCH = YES;
				"CODE_SIGN_IDENTITY[sdk=iphoneos*]" = "iPhone Developer";
				COPY_PHASE_STRIP = NO;
				DEBUG_INFORMATION_FORMAT = "dwarf-with-dsym";
				ENABLE_NS_ASSERTIONS = NO;
				ENABLE_STRICT_OBJC_MSGSEND = YES;
				GCC_C_LANGUAGE_STANDARD = gnu99;
				GCC_NO_COMMON_BLOCKS = YES;
				GCC_WARN_64_TO_32_BIT_CONVERSION = YES;
				GCC_WARN_ABOUT_RETURN_TYPE = YES_ERROR;
				GCC_WARN_UNDECLARED_SELECTOR = YES;
				GCC_WARN_UNINITIALIZED_AUTOS = YES_AGGRESSIVE;
				GCC_WARN_UNUSED_FUNCTION = YES;
				GCC_WARN_UNUSED_VARIABLE = YES;
				IPHONEOS_DEPLOYMENT_TARGET = 9.3;
				MTL_ENABLE_DEBUG_INFO = NO;
				SDKROOT = iphoneos;
				TARGETED_DEVICE_FAMILY = "1,2";
				VALIDATE_PRODUCT = YES;
			};
			name = Release;
		};
		2C7A08C51D6ACBA30027B1B5 /* Debug */ = {
			isa = XCBuildConfiguration;
			buildSettings = {
				ASSETCATALOG_COMPILER_APPICON_NAME = AppIcon;
				GCC_PREFIX_HEADER = "HostRead/Supporting Files/HostRead_Prefix.pch";
				INFOPLIST_FILE = "$(SRCROOT)/HostRead/Supporting Files/Info.plist";
				IPHONEOS_DEPLOYMENT_TARGET = 8.0;
				LD_RUNPATH_SEARCH_PATHS = "$(inherited) @executable_path/Frameworks";
				PRODUCT_BUNDLE_IDENTIFIER = com.homedo.HostRead;
				PRODUCT_NAME = "$(TARGET_NAME)";
			};
			name = Debug;
		};
		2C7A08C61D6ACBA30027B1B5 /* Release */ = {
			isa = XCBuildConfiguration;
			buildSettings = {
				ASSETCATALOG_COMPILER_APPICON_NAME = AppIcon;
				GCC_PREFIX_HEADER = "HostRead/Supporting Files/HostRead_Prefix.pch";
				INFOPLIST_FILE = "$(SRCROOT)/HostRead/Supporting Files/Info.plist";
				IPHONEOS_DEPLOYMENT_TARGET = 8.0;
				LD_RUNPATH_SEARCH_PATHS = "$(inherited) @executable_path/Frameworks";
				PRODUCT_BUNDLE_IDENTIFIER = com.homedo.HostRead;
				PRODUCT_NAME = "$(TARGET_NAME)";
			};
			name = Release;
		};
/* End XCBuildConfiguration section */

/* Begin XCConfigurationList section */
		2C7A08A81D6ACBA30027B1B5 /* Build configuration list for PBXProject "HostRead" */ = {
			isa = XCConfigurationList;
			buildConfigurations = (
				2C7A08C21D6ACBA30027B1B5 /* Debug */,
				2C7A08C31D6ACBA30027B1B5 /* Release */,
			);
			defaultConfigurationIsVisible = 0;
			defaultConfigurationName = Release;
		};
		2C7A08C41D6ACBA30027B1B5 /* Build configuration list for PBXNativeTarget "HostRead" */ = {
			isa = XCConfigurationList;
			buildConfigurations = (
				2C7A08C51D6ACBA30027B1B5 /* Debug */,
				2C7A08C61D6ACBA30027B1B5 /* Release */,
			);
			defaultConfigurationIsVisible = 0;
			defaultConfigurationName = Release;
		};
/* End XCConfigurationList section */
	};
	rootObject = 2C7A08A51D6ACBA30027B1B5 /* Project object */;
}
