// !$*UTF8*$!
{
	archiveVersion = 1;
	classes = {
	};
	objectVersion = 46;
	objects = {

/* Begin PBXBuildFile section */
		2C3EC1651D6C201B001A335A /* HRAllFloderController.m in Sources */ = {isa = PBXBuildFile; fileRef = 2C3EC1641D6C201B001A335A /* HRAllFloderController.m */; };
		2C41AADF1D6EF4BE007CE67E /* libsqlite3.tbd in Frameworks */ = {isa = PBXBuildFile; fileRef = 2C41AADE1D6EF4BE007CE67E /* libsqlite3.tbd */; };
		2C41AAE61D6F06E2007CE67E /* HRDBHelper.m in Sources */ = {isa = PBXBuildFile; fileRef = 2C41AAE31D6F06E2007CE67E /* HRDBHelper.m */; };
		2C41AAE71D6F06E2007CE67E /* HRReadTool.m in Sources */ = {isa = PBXBuildFile; fileRef = 2C41AAE51D6F06E2007CE67E /* HRReadTool.m */; };
		2C41AAEA1D6F0719007CE67E /* HRDecTxtTool.m in Sources */ = {isa = PBXBuildFile; fileRef = 2C41AAE91D6F0719007CE67E /* HRDecTxtTool.m */; };
		2C44FBF61D7FE6090042CE34 /* DDData.m in Sources */ = {isa = PBXBuildFile; fileRef = 2C44FBC01D7FE6090042CE34 /* DDData.m */; };
		2C44FBF71D7FE6090042CE34 /* DDNumber.m in Sources */ = {isa = PBXBuildFile; fileRef = 2C44FBC21D7FE6090042CE34 /* DDNumber.m */; };
		2C44FBF81D7FE6090042CE34 /* DDRange.m in Sources */ = {isa = PBXBuildFile; fileRef = 2C44FBC41D7FE6090042CE34 /* DDRange.m */; };
		2C44FBF91D7FE6090042CE34 /* DDAbstractDatabaseLogger.m in Sources */ = {isa = PBXBuildFile; fileRef = 2C44FBC61D7FE6090042CE34 /* DDAbstractDatabaseLogger.m */; };
		2C44FBFA1D7FE6090042CE34 /* DDASLLogger.m in Sources */ = {isa = PBXBuildFile; fileRef = 2C44FBC81D7FE6090042CE34 /* DDASLLogger.m */; };
		2C44FBFB1D7FE6090042CE34 /* DDFileLogger.m in Sources */ = {isa = PBXBuildFile; fileRef = 2C44FBCA1D7FE6090042CE34 /* DDFileLogger.m */; };
		2C44FBFC1D7FE6090042CE34 /* DDLog.m in Sources */ = {isa = PBXBuildFile; fileRef = 2C44FBCC1D7FE6090042CE34 /* DDLog.m */; };
		2C44FBFD1D7FE6090042CE34 /* DDTTYLogger.m in Sources */ = {isa = PBXBuildFile; fileRef = 2C44FBCE1D7FE6090042CE34 /* DDTTYLogger.m */; };
		2C44FBFE1D7FE6090042CE34 /* ContextFilterLogFormatter.m in Sources */ = {isa = PBXBuildFile; fileRef = 2C44FBD11D7FE6090042CE34 /* ContextFilterLogFormatter.m */; };
		2C44FBFF1D7FE6090042CE34 /* DispatchQueueLogFormatter.m in Sources */ = {isa = PBXBuildFile; fileRef = 2C44FBD31D7FE6090042CE34 /* DispatchQueueLogFormatter.m */; };
		2C44FC001D7FE6090042CE34 /* GCDAsyncSocket.m in Sources */ = {isa = PBXBuildFile; fileRef = 2C44FBD51D7FE6090042CE34 /* GCDAsyncSocket.m */; };
		2C44FC011D7FE6090042CE34 /* HTTPAuthenticationRequest.m in Sources */ = {isa = PBXBuildFile; fileRef = 2C44FBD71D7FE6090042CE34 /* HTTPAuthenticationRequest.m */; };
		2C44FC021D7FE6090042CE34 /* HTTPConnection.m in Sources */ = {isa = PBXBuildFile; fileRef = 2C44FBD91D7FE6090042CE34 /* HTTPConnection.m */; };
		2C44FC031D7FE6090042CE34 /* HTTPMessage.m in Sources */ = {isa = PBXBuildFile; fileRef = 2C44FBDC1D7FE6090042CE34 /* HTTPMessage.m */; };
		2C44FC041D7FE6090042CE34 /* HTTPServer.m in Sources */ = {isa = PBXBuildFile; fileRef = 2C44FBDF1D7FE6090042CE34 /* HTTPServer.m */; };
		2C44FC051D7FE6090042CE34 /* MultipartFormDataParser.m in Sources */ = {isa = PBXBuildFile; fileRef = 2C44FBE21D7FE6090042CE34 /* MultipartFormDataParser.m */; };
		2C44FC061D7FE6090042CE34 /* MultipartMessageHeader.m in Sources */ = {isa = PBXBuildFile; fileRef = 2C44FBE41D7FE6090042CE34 /* MultipartMessageHeader.m */; };
		2C44FC071D7FE6090042CE34 /* MultipartMessageHeaderField.m in Sources */ = {isa = PBXBuildFile; fileRef = 2C44FBE61D7FE6090042CE34 /* MultipartMessageHeaderField.m */; };
		2C44FC081D7FE6090042CE34 /* HTTPAsyncFileResponse.m in Sources */ = {isa = PBXBuildFile; fileRef = 2C44FBE91D7FE6090042CE34 /* HTTPAsyncFileResponse.m */; };
		2C44FC091D7FE6090042CE34 /* HTTPDataResponse.m in Sources */ = {isa = PBXBuildFile; fileRef = 2C44FBEB1D7FE6090042CE34 /* HTTPDataResponse.m */; };
		2C44FC0A1D7FE6090042CE34 /* HTTPDynamicFileResponse.m in Sources */ = {isa = PBXBuildFile; fileRef = 2C44FBED1D7FE6090042CE34 /* HTTPDynamicFileResponse.m */; };
		2C44FC0B1D7FE6090042CE34 /* HTTPErrorResponse.m in Sources */ = {isa = PBXBuildFile; fileRef = 2C44FBEF1D7FE6090042CE34 /* HTTPErrorResponse.m */; };
		2C44FC0C1D7FE6090042CE34 /* HTTPFileResponse.m in Sources */ = {isa = PBXBuildFile; fileRef = 2C44FBF11D7FE6090042CE34 /* HTTPFileResponse.m */; };
		2C44FC0D1D7FE6090042CE34 /* HTTPRedirectResponse.m in Sources */ = {isa = PBXBuildFile; fileRef = 2C44FBF31D7FE6090042CE34 /* HTTPRedirectResponse.m */; };
		2C44FC0E1D7FE6090042CE34 /* WebSocket.m in Sources */ = {isa = PBXBuildFile; fileRef = 2C44FBF51D7FE6090042CE34 /* WebSocket.m */; };
		2C44FC101D7FEDC90042CE34 /* WebSite in Resources */ = {isa = PBXBuildFile; fileRef = 2C44FC0F1D7FEDC90042CE34 /* WebSite */; };
		2C44FC141D800CA80042CE34 /* HRHTTPConnection.m in Sources */ = {isa = PBXBuildFile; fileRef = 2C44FC131D800CA80042CE34 /* HRHTTPConnection.m */; };
		2C453E0E1D6D411E0061B535 /* HRTxtChapterModel.m in Sources */ = {isa = PBXBuildFile; fileRef = 2C453E0D1D6D411E0061B535 /* HRTxtChapterModel.m */; };
		2C453E111D6D426B0061B535 /* HRTxtModel.m in Sources */ = {isa = PBXBuildFile; fileRef = 2C453E101D6D426B0061B535 /* HRTxtModel.m */; };
		2C453E131D6D72980061B535 /* CoreText.framework in Frameworks */ = {isa = PBXBuildFile; fileRef = 2C453E121D6D72980061B535 /* CoreText.framework */; };
		2C453E191D6D7BE20061B535 /* HRReadDetailController.m in Sources */ = {isa = PBXBuildFile; fileRef = 2C453E181D6D7BE20061B535 /* HRReadDetailController.m */; };
		2C453E1C1D6D8C870061B535 /* HRDidReadModel.m in Sources */ = {isa = PBXBuildFile; fileRef = 2C453E1B1D6D8C870061B535 /* HRDidReadModel.m */; };
		2C46322E1D7423D100AC062E /* UIBarButtonItem+HRS.m in Sources */ = {isa = PBXBuildFile; fileRef = 2C4632251D7423D100AC062E /* UIBarButtonItem+HRS.m */; };
		2C46322F1D7423D100AC062E /* UIColor+ColorWithHex.m in Sources */ = {isa = PBXBuildFile; fileRef = 2C4632281D7423D100AC062E /* UIColor+ColorWithHex.m */; };
		2C4632301D7423D100AC062E /* UIImage+Color.m in Sources */ = {isa = PBXBuildFile; fileRef = 2C46322B1D7423D100AC062E /* UIImage+Color.m */; };
		2C4632311D7423D100AC062E /* UIImage+ImageEffects.m in Sources */ = {isa = PBXBuildFile; fileRef = 2C46322D1D7423D100AC062E /* UIImage+ImageEffects.m */; };
		2C4632341D742F9000AC062E /* HRDetailSettingView.m in Sources */ = {isa = PBXBuildFile; fileRef = 2C4632331D742F9000AC062E /* HRDetailSettingView.m */; };
		2C46323B1D74313700AC062E /* UIButton+simpleinit.m in Sources */ = {isa = PBXBuildFile; fileRef = 2C4632371D74313700AC062E /* UIButton+simpleinit.m */; };
		2C46323C1D74313700AC062E /* UILabel+simpleinit.m in Sources */ = {isa = PBXBuildFile; fileRef = 2C46323A1D74313700AC062E /* UILabel+simpleinit.m */; };
		2C47E0ED1D71898600329CF2 /* HRChapterListController.m in Sources */ = {isa = PBXBuildFile; fileRef = 2C47E0EC1D71898600329CF2 /* HRChapterListController.m */; };
		2C50E1821E8E25B200A00427 /* HRLoginController.m in Sources */ = {isa = PBXBuildFile; fileRef = 2C50E1811E8E25B200A00427 /* HRLoginController.m */; };
		2C6C9DA91D702D4A00D9EB00 /* HRBatteryView.m in Sources */ = {isa = PBXBuildFile; fileRef = 2C6C9DA81D702D4A00D9EB00 /* HRBatteryView.m */; };
		2C6C9DAC1D7034F400D9EB00 /* HRReadDetailView.m in Sources */ = {isa = PBXBuildFile; fileRef = 2C6C9DAB1D7034F400D9EB00 /* HRReadDetailView.m */; };
		2C6D36C71ECAC84200E4F59A /* HRTouchPassWordController.m in Sources */ = {isa = PBXBuildFile; fileRef = 2C6D36C61ECAC84200E4F59A /* HRTouchPassWordController.m */; };
		2C6D36CA1ECAF29300E4F59A /* HRSettingCell.m in Sources */ = {isa = PBXBuildFile; fileRef = 2C6D36C91ECAF29300E4F59A /* HRSettingCell.m */; };
		2C6D82171E89FDF20097C2AF /* CFNetwork.framework in Frameworks */ = {isa = PBXBuildFile; fileRef = 2C6D82161E89FDF20097C2AF /* CFNetwork.framework */; };
		2C6D82191E89FE020097C2AF /* libicucore.tbd in Frameworks */ = {isa = PBXBuildFile; fileRef = 2C6D82181E89FE020097C2AF /* libicucore.tbd */; };
		2C6D821B1E89FE0A0097C2AF /* Foundation.framework in Frameworks */ = {isa = PBXBuildFile; fileRef = 2C6D821A1E89FE0A0097C2AF /* Foundation.framework */; };
		2C715F3D1D8130F500DC39B5 /* HRProGressView.m in Sources */ = {isa = PBXBuildFile; fileRef = 2C715F3C1D8130F500DC39B5 /* HRProGressView.m */; };
		2C715F401D81581200DC39B5 /* HRHttpController.m in Sources */ = {isa = PBXBuildFile; fileRef = 2C715F3F1D81581200DC39B5 /* HRHttpController.m */; };
		2C76B6A11D6AE7500052CCF8 /* HRRecentController.m in Sources */ = {isa = PBXBuildFile; fileRef = 2C76B6A01D6AE7500052CCF8 /* HRRecentController.m */; };
		2C76B6CB1D6AFE410052CCF8 /* HRReadListCell.m in Sources */ = {isa = PBXBuildFile; fileRef = 2C76B6CA1D6AFE410052CCF8 /* HRReadListCell.m */; };
		2C7A08BB1D6ACBA30027B1B5 /* Main.storyboard in Resources */ = {isa = PBXBuildFile; fileRef = 2C7A08B91D6ACBA30027B1B5 /* Main.storyboard */; };
		2C7A08BD1D6ACBA30027B1B5 /* Assets.xcassets in Resources */ = {isa = PBXBuildFile; fileRef = 2C7A08BC1D6ACBA30027B1B5 /* Assets.xcassets */; };
		2C7A08C01D6ACBA30027B1B5 /* LaunchScreen.storyboard in Resources */ = {isa = PBXBuildFile; fileRef = 2C7A08BE1D6ACBA30027B1B5 /* LaunchScreen.storyboard */; };
		2C7A08D41D6ACC2A0027B1B5 /* AppDelegate.m in Sources */ = {isa = PBXBuildFile; fileRef = 2C7A08D11D6ACC2A0027B1B5 /* AppDelegate.m */; };
		2C7A08D51D6ACC2A0027B1B5 /* Info.plist in Resources */ = {isa = PBXBuildFile; fileRef = 2C7A08D21D6ACC2A0027B1B5 /* Info.plist */; };
		2C7A08D61D6ACC2A0027B1B5 /* main.m in Sources */ = {isa = PBXBuildFile; fileRef = 2C7A08D31D6ACC2A0027B1B5 /* main.m */; };
		2C7A08E11D6ACD380027B1B5 /* HRBaseController.m in Sources */ = {isa = PBXBuildFile; fileRef = 2C7A08E01D6ACD380027B1B5 /* HRBaseController.m */; };
		2C7A08E81D6ACE270027B1B5 /* HRRedListController.m in Sources */ = {isa = PBXBuildFile; fileRef = 2C7A08E71D6ACE270027B1B5 /* HRRedListController.m */; };
		2C7A08EB1D6ACE510027B1B5 /* HRSsettingController.m in Sources */ = {isa = PBXBuildFile; fileRef = 2C7A08EA1D6ACE510027B1B5 /* HRSsettingController.m */; };
		2CAB03FF1E77DDAD004D61C7 /* HRTextCollectionCell.m in Sources */ = {isa = PBXBuildFile; fileRef = 2CAB03FE1E77DDAD004D61C7 /* HRTextCollectionCell.m */; };
		EF8816EF7A86B2B1F34D156E /* libPods-HostRead.a in Frameworks */ = {isa = PBXBuildFile; fileRef = EABB3F6BF4ED449EBBB4CB9A /* libPods-HostRead.a */; };
/* End PBXBuildFile section */

/* Begin PBXFileReference section */
		0CF975A27034AFCE17BCA35A /* Pods-HostRead.debug.xcconfig */ = {isa = PBXFileReference; includeInIndex = 1; lastKnownFileType = text.xcconfig; name = "Pods-HostRead.debug.xcconfig"; path = "Pods/Target Support Files/Pods-HostRead/Pods-HostRead.debug.xcconfig"; sourceTree = "<group>"; };
		2C3EC1631D6C201B001A335A /* HRAllFloderController.h */ = {isa = PBXFileReference; fileEncoding = 4; lastKnownFileType = sourcecode.c.h; path = HRAllFloderController.h; sourceTree = "<group>"; };
		2C3EC1641D6C201B001A335A /* HRAllFloderController.m */ = {isa = PBXFileReference; fileEncoding = 4; lastKnownFileType = sourcecode.c.objc; path = HRAllFloderController.m; sourceTree = "<group>"; };
		2C41AADE1D6EF4BE007CE67E /* libsqlite3.tbd */ = {isa = PBXFileReference; lastKnownFileType = "sourcecode.text-based-dylib-definition"; name = libsqlite3.tbd; path = usr/lib/libsqlite3.tbd; sourceTree = SDKROOT; };
		2C41AAE21D6F06E2007CE67E /* HRDBHelper.h */ = {isa = PBXFileReference; fileEncoding = 4; lastKnownFileType = sourcecode.c.h; path = HRDBHelper.h; sourceTree = "<group>"; };
		2C41AAE31D6F06E2007CE67E /* HRDBHelper.m */ = {isa = PBXFileReference; fileEncoding = 4; lastKnownFileType = sourcecode.c.objc; path = HRDBHelper.m; sourceTree = "<group>"; };
		2C41AAE41D6F06E2007CE67E /* HRReadTool.h */ = {isa = PBXFileReference; fileEncoding = 4; lastKnownFileType = sourcecode.c.h; path = HRReadTool.h; sourceTree = "<group>"; };
		2C41AAE51D6F06E2007CE67E /* HRReadTool.m */ = {isa = PBXFileReference; fileEncoding = 4; lastKnownFileType = sourcecode.c.objc; path = HRReadTool.m; sourceTree = "<group>"; };
		2C41AAE81D6F0719007CE67E /* HRDecTxtTool.h */ = {isa = PBXFileReference; fileEncoding = 4; lastKnownFileType = sourcecode.c.h; path = HRDecTxtTool.h; sourceTree = "<group>"; };
		2C41AAE91D6F0719007CE67E /* HRDecTxtTool.m */ = {isa = PBXFileReference; fileEncoding = 4; lastKnownFileType = sourcecode.c.objc; path = HRDecTxtTool.m; sourceTree = "<group>"; };
		2C44FBBF1D7FE6090042CE34 /* DDData.h */ = {isa = PBXFileReference; fileEncoding = 4; lastKnownFileType = sourcecode.c.h; path = DDData.h; sourceTree = "<group>"; };
		2C44FBC01D7FE6090042CE34 /* DDData.m */ = {isa = PBXFileReference; fileEncoding = 4; lastKnownFileType = sourcecode.c.objc; path = DDData.m; sourceTree = "<group>"; };
		2C44FBC11D7FE6090042CE34 /* DDNumber.h */ = {isa = PBXFileReference; fileEncoding = 4; lastKnownFileType = sourcecode.c.h; path = DDNumber.h; sourceTree = "<group>"; };
		2C44FBC21D7FE6090042CE34 /* DDNumber.m */ = {isa = PBXFileReference; fileEncoding = 4; lastKnownFileType = sourcecode.c.objc; path = DDNumber.m; sourceTree = "<group>"; };
		2C44FBC31D7FE6090042CE34 /* DDRange.h */ = {isa = PBXFileReference; fileEncoding = 4; lastKnownFileType = sourcecode.c.h; path = DDRange.h; sourceTree = "<group>"; };
		2C44FBC41D7FE6090042CE34 /* DDRange.m */ = {isa = PBXFileReference; fileEncoding = 4; lastKnownFileType = sourcecode.c.objc; path = DDRange.m; sourceTree = "<group>"; };
		2C44FBC51D7FE6090042CE34 /* DDAbstractDatabaseLogger.h */ = {isa = PBXFileReference; fileEncoding = 4; lastKnownFileType = sourcecode.c.h; path = DDAbstractDatabaseLogger.h; sourceTree = "<group>"; };
		2C44FBC61D7FE6090042CE34 /* DDAbstractDatabaseLogger.m */ = {isa = PBXFileReference; fileEncoding = 4; lastKnownFileType = sourcecode.c.objc; path = DDAbstractDatabaseLogger.m; sourceTree = "<group>"; };
		2C44FBC71D7FE6090042CE34 /* DDASLLogger.h */ = {isa = PBXFileReference; fileEncoding = 4; lastKnownFileType = sourcecode.c.h; path = DDASLLogger.h; sourceTree = "<group>"; };
		2C44FBC81D7FE6090042CE34 /* DDASLLogger.m */ = {isa = PBXFileReference; fileEncoding = 4; lastKnownFileType = sourcecode.c.objc; path = DDASLLogger.m; sourceTree = "<group>"; };
		2C44FBC91D7FE6090042CE34 /* DDFileLogger.h */ = {isa = PBXFileReference; fileEncoding = 4; lastKnownFileType = sourcecode.c.h; path = DDFileLogger.h; sourceTree = "<group>"; };
		2C44FBCA1D7FE6090042CE34 /* DDFileLogger.m */ = {isa = PBXFileReference; fileEncoding = 4; lastKnownFileType = sourcecode.c.objc; path = DDFileLogger.m; sourceTree = "<group>"; };
		2C44FBCB1D7FE6090042CE34 /* DDLog.h */ = {isa = PBXFileReference; fileEncoding = 4; lastKnownFileType = sourcecode.c.h; path = DDLog.h; sourceTree = "<group>"; };
		2C44FBCC1D7FE6090042CE34 /* DDLog.m */ = {isa = PBXFileReference; fileEncoding = 4; lastKnownFileType = sourcecode.c.objc; path = DDLog.m; sourceTree = "<group>"; };
		2C44FBCD1D7FE6090042CE34 /* DDTTYLogger.h */ = {isa = PBXFileReference; fileEncoding = 4; lastKnownFileType = sourcecode.c.h; path = DDTTYLogger.h; sourceTree = "<group>"; };
		2C44FBCE1D7FE6090042CE34 /* DDTTYLogger.m */ = {isa = PBXFileReference; fileEncoding = 4; lastKnownFileType = sourcecode.c.objc; path = DDTTYLogger.m; sourceTree = "<group>"; };
		2C44FBD01D7FE6090042CE34 /* ContextFilterLogFormatter.h */ = {isa = PBXFileReference; fileEncoding = 4; lastKnownFileType = sourcecode.c.h; path = ContextFilterLogFormatter.h; sourceTree = "<group>"; };
		2C44FBD11D7FE6090042CE34 /* ContextFilterLogFormatter.m */ = {isa = PBXFileReference; fileEncoding = 4; lastKnownFileType = sourcecode.c.objc; path = ContextFilterLogFormatter.m; sourceTree = "<group>"; };
		2C44FBD21D7FE6090042CE34 /* DispatchQueueLogFormatter.h */ = {isa = PBXFileReference; fileEncoding = 4; lastKnownFileType = sourcecode.c.h; path = DispatchQueueLogFormatter.h; sourceTree = "<group>"; };
		2C44FBD31D7FE6090042CE34 /* DispatchQueueLogFormatter.m */ = {isa = PBXFileReference; fileEncoding = 4; lastKnownFileType = sourcecode.c.objc; path = DispatchQueueLogFormatter.m; sourceTree = "<group>"; };
		2C44FBD41D7FE6090042CE34 /* GCDAsyncSocket.h */ = {isa = PBXFileReference; fileEncoding = 4; lastKnownFileType = sourcecode.c.h; path = GCDAsyncSocket.h; sourceTree = "<group>"; };
		2C44FBD51D7FE6090042CE34 /* GCDAsyncSocket.m */ = {isa = PBXFileReference; fileEncoding = 4; lastKnownFileType = sourcecode.c.objc; path = GCDAsyncSocket.m; sourceTree = "<group>"; };
		2C44FBD61D7FE6090042CE34 /* HTTPAuthenticationRequest.h */ = {isa = PBXFileReference; fileEncoding = 4; lastKnownFileType = sourcecode.c.h; path = HTTPAuthenticationRequest.h; sourceTree = "<group>"; };
		2C44FBD71D7FE6090042CE34 /* HTTPAuthenticationRequest.m */ = {isa = PBXFileReference; fileEncoding = 4; lastKnownFileType = sourcecode.c.objc; path = HTTPAuthenticationRequest.m; sourceTree = "<group>"; };
		2C44FBD81D7FE6090042CE34 /* HTTPConnection.h */ = {isa = PBXFileReference; fileEncoding = 4; lastKnownFileType = sourcecode.c.h; path = HTTPConnection.h; sourceTree = "<group>"; };
		2C44FBD91D7FE6090042CE34 /* HTTPConnection.m */ = {isa = PBXFileReference; fileEncoding = 4; lastKnownFileType = sourcecode.c.objc; path = HTTPConnection.m; sourceTree = "<group>"; };
		2C44FBDA1D7FE6090042CE34 /* HTTPLogging.h */ = {isa = PBXFileReference; fileEncoding = 4; lastKnownFileType = sourcecode.c.h; path = HTTPLogging.h; sourceTree = "<group>"; };
		2C44FBDB1D7FE6090042CE34 /* HTTPMessage.h */ = {isa = PBXFileReference; fileEncoding = 4; lastKnownFileType = sourcecode.c.h; path = HTTPMessage.h; sourceTree = "<group>"; };
		2C44FBDC1D7FE6090042CE34 /* HTTPMessage.m */ = {isa = PBXFileReference; fileEncoding = 4; lastKnownFileType = sourcecode.c.objc; path = HTTPMessage.m; sourceTree = "<group>"; };
		2C44FBDD1D7FE6090042CE34 /* HTTPResponse.h */ = {isa = PBXFileReference; fileEncoding = 4; lastKnownFileType = sourcecode.c.h; path = HTTPResponse.h; sourceTree = "<group>"; };
		2C44FBDE1D7FE6090042CE34 /* HTTPServer.h */ = {isa = PBXFileReference; fileEncoding = 4; lastKnownFileType = sourcecode.c.h; path = HTTPServer.h; sourceTree = "<group>"; };
		2C44FBDF1D7FE6090042CE34 /* HTTPServer.m */ = {isa = PBXFileReference; fileEncoding = 4; lastKnownFileType = sourcecode.c.objc; path = HTTPServer.m; sourceTree = "<group>"; };
		2C44FBE11D7FE6090042CE34 /* MultipartFormDataParser.h */ = {isa = PBXFileReference; fileEncoding = 4; lastKnownFileType = sourcecode.c.h; path = MultipartFormDataParser.h; sourceTree = "<group>"; };
		2C44FBE21D7FE6090042CE34 /* MultipartFormDataParser.m */ = {isa = PBXFileReference; fileEncoding = 4; lastKnownFileType = sourcecode.c.objc; path = MultipartFormDataParser.m; sourceTree = "<group>"; };
		2C44FBE31D7FE6090042CE34 /* MultipartMessageHeader.h */ = {isa = PBXFileReference; fileEncoding = 4; lastKnownFileType = sourcecode.c.h; path = MultipartMessageHeader.h; sourceTree = "<group>"; };
		2C44FBE41D7FE6090042CE34 /* MultipartMessageHeader.m */ = {isa = PBXFileReference; fileEncoding = 4; lastKnownFileType = sourcecode.c.objc; path = MultipartMessageHeader.m; sourceTree = "<group>"; };
		2C44FBE51D7FE6090042CE34 /* MultipartMessageHeaderField.h */ = {isa = PBXFileReference; fileEncoding = 4; lastKnownFileType = sourcecode.c.h; path = MultipartMessageHeaderField.h; sourceTree = "<group>"; };
		2C44FBE61D7FE6090042CE34 /* MultipartMessageHeaderField.m */ = {isa = PBXFileReference; fileEncoding = 4; lastKnownFileType = sourcecode.c.objc; path = MultipartMessageHeaderField.m; sourceTree = "<group>"; };
		2C44FBE81D7FE6090042CE34 /* HTTPAsyncFileResponse.h */ = {isa = PBXFileReference; fileEncoding = 4; lastKnownFileType = sourcecode.c.h; path = HTTPAsyncFileResponse.h; sourceTree = "<group>"; };
		2C44FBE91D7FE6090042CE34 /* HTTPAsyncFileResponse.m */ = {isa = PBXFileReference; fileEncoding = 4; lastKnownFileType = sourcecode.c.objc; path = HTTPAsyncFileResponse.m; sourceTree = "<group>"; };
		2C44FBEA1D7FE6090042CE34 /* HTTPDataResponse.h */ = {isa = PBXFileReference; fileEncoding = 4; lastKnownFileType = sourcecode.c.h; path = HTTPDataResponse.h; sourceTree = "<group>"; };
		2C44FBEB1D7FE6090042CE34 /* HTTPDataResponse.m */ = {isa = PBXFileReference; fileEncoding = 4; lastKnownFileType = sourcecode.c.objc; path = HTTPDataResponse.m; sourceTree = "<group>"; };
		2C44FBEC1D7FE6090042CE34 /* HTTPDynamicFileResponse.h */ = {isa = PBXFileReference; fileEncoding = 4; lastKnownFileType = sourcecode.c.h; path = HTTPDynamicFileResponse.h; sourceTree = "<group>"; };
		2C44FBED1D7FE6090042CE34 /* HTTPDynamicFileResponse.m */ = {isa = PBXFileReference; fileEncoding = 4; lastKnownFileType = sourcecode.c.objc; path = HTTPDynamicFileResponse.m; sourceTree = "<group>"; };
		2C44FBEE1D7FE6090042CE34 /* HTTPErrorResponse.h */ = {isa = PBXFileReference; fileEncoding = 4; lastKnownFileType = sourcecode.c.h; path = HTTPErrorResponse.h; sourceTree = "<group>"; };
		2C44FBEF1D7FE6090042CE34 /* HTTPErrorResponse.m */ = {isa = PBXFileReference; fileEncoding = 4; lastKnownFileType = sourcecode.c.objc; path = HTTPErrorResponse.m; sourceTree = "<group>"; };
		2C44FBF01D7FE6090042CE34 /* HTTPFileResponse.h */ = {isa = PBXFileReference; fileEncoding = 4; lastKnownFileType = sourcecode.c.h; path = HTTPFileResponse.h; sourceTree = "<group>"; };
		2C44FBF11D7FE6090042CE34 /* HTTPFileResponse.m */ = {isa = PBXFileReference; fileEncoding = 4; lastKnownFileType = sourcecode.c.objc; path = HTTPFileResponse.m; sourceTree = "<group>"; };
		2C44FBF21D7FE6090042CE34 /* HTTPRedirectResponse.h */ = {isa = PBXFileReference; fileEncoding = 4; lastKnownFileType = sourcecode.c.h; path = HTTPRedirectResponse.h; sourceTree = "<group>"; };
		2C44FBF31D7FE6090042CE34 /* HTTPRedirectResponse.m */ = {isa = PBXFileReference; fileEncoding = 4; lastKnownFileType = sourcecode.c.objc; path = HTTPRedirectResponse.m; sourceTree = "<group>"; };
		2C44FBF41D7FE6090042CE34 /* WebSocket.h */ = {isa = PBXFileReference; fileEncoding = 4; lastKnownFileType = sourcecode.c.h; path = WebSocket.h; sourceTree = "<group>"; };
		2C44FBF51D7FE6090042CE34 /* WebSocket.m */ = {isa = PBXFileReference; fileEncoding = 4; lastKnownFileType = sourcecode.c.objc; path = WebSocket.m; sourceTree = "<group>"; };
		2C44FC0F1D7FEDC90042CE34 /* WebSite */ = {isa = PBXFileReference; lastKnownFileType = folder; path = WebSite; sourceTree = "<group>"; };
		2C44FC121D800CA80042CE34 /* HRHTTPConnection.h */ = {isa = PBXFileReference; fileEncoding = 4; lastKnownFileType = sourcecode.c.h; path = HRHTTPConnection.h; sourceTree = "<group>"; };
		2C44FC131D800CA80042CE34 /* HRHTTPConnection.m */ = {isa = PBXFileReference; fileEncoding = 4; lastKnownFileType = sourcecode.c.objc; path = HRHTTPConnection.m; sourceTree = "<group>"; };
		2C453E0C1D6D411E0061B535 /* HRTxtChapterModel.h */ = {isa = PBXFileReference; fileEncoding = 4; lastKnownFileType = sourcecode.c.h; path = HRTxtChapterModel.h; sourceTree = "<group>"; };
		2C453E0D1D6D411E0061B535 /* HRTxtChapterModel.m */ = {isa = PBXFileReference; fileEncoding = 4; lastKnownFileType = sourcecode.c.objc; path = HRTxtChapterModel.m; sourceTree = "<group>"; };
		2C453E0F1D6D426B0061B535 /* HRTxtModel.h */ = {isa = PBXFileReference; fileEncoding = 4; lastKnownFileType = sourcecode.c.h; path = HRTxtModel.h; sourceTree = "<group>"; };
		2C453E101D6D426B0061B535 /* HRTxtModel.m */ = {isa = PBXFileReference; fileEncoding = 4; lastKnownFileType = sourcecode.c.objc; path = HRTxtModel.m; sourceTree = "<group>"; };
		2C453E121D6D72980061B535 /* CoreText.framework */ = {isa = PBXFileReference; lastKnownFileType = wrapper.framework; name = CoreText.framework; path = System/Library/Frameworks/CoreText.framework; sourceTree = SDKROOT; };
		2C453E171D6D7BE20061B535 /* HRReadDetailController.h */ = {isa = PBXFileReference; fileEncoding = 4; lastKnownFileType = sourcecode.c.h; path = HRReadDetailController.h; sourceTree = "<group>"; };
		2C453E181D6D7BE20061B535 /* HRReadDetailController.m */ = {isa = PBXFileReference; fileEncoding = 4; lastKnownFileType = sourcecode.c.objc; path = HRReadDetailController.m; sourceTree = "<group>"; };
		2C453E1A1D6D8C870061B535 /* HRDidReadModel.h */ = {isa = PBXFileReference; fileEncoding = 4; lastKnownFileType = sourcecode.c.h; path = HRDidReadModel.h; sourceTree = "<group>"; };
		2C453E1B1D6D8C870061B535 /* HRDidReadModel.m */ = {isa = PBXFileReference; fileEncoding = 4; lastKnownFileType = sourcecode.c.objc; path = HRDidReadModel.m; sourceTree = "<group>"; };
		2C4632241D7423D100AC062E /* UIBarButtonItem+HRS.h */ = {isa = PBXFileReference; fileEncoding = 4; lastKnownFileType = sourcecode.c.h; path = "UIBarButtonItem+HRS.h"; sourceTree = "<group>"; };
		2C4632251D7423D100AC062E /* UIBarButtonItem+HRS.m */ = {isa = PBXFileReference; fileEncoding = 4; lastKnownFileType = sourcecode.c.objc; path = "UIBarButtonItem+HRS.m"; sourceTree = "<group>"; };
		2C4632271D7423D100AC062E /* UIColor+ColorWithHex.h */ = {isa = PBXFileReference; fileEncoding = 4; lastKnownFileType = sourcecode.c.h; path = "UIColor+ColorWithHex.h"; sourceTree = "<group>"; };
		2C4632281D7423D100AC062E /* UIColor+ColorWithHex.m */ = {isa = PBXFileReference; fileEncoding = 4; lastKnownFileType = sourcecode.c.objc; path = "UIColor+ColorWithHex.m"; sourceTree = "<group>"; };
		2C46322A1D7423D100AC062E /* UIImage+Color.h */ = {isa = PBXFileReference; fileEncoding = 4; lastKnownFileType = sourcecode.c.h; path = "UIImage+Color.h"; sourceTree = "<group>"; };
		2C46322B1D7423D100AC062E /* UIImage+Color.m */ = {isa = PBXFileReference; fileEncoding = 4; lastKnownFileType = sourcecode.c.objc; path = "UIImage+Color.m"; sourceTree = "<group>"; };
		2C46322C1D7423D100AC062E /* UIImage+ImageEffects.h */ = {isa = PBXFileReference; fileEncoding = 4; lastKnownFileType = sourcecode.c.h; path = "UIImage+ImageEffects.h"; sourceTree = "<group>"; };
		2C46322D1D7423D100AC062E /* UIImage+ImageEffects.m */ = {isa = PBXFileReference; fileEncoding = 4; lastKnownFileType = sourcecode.c.objc; path = "UIImage+ImageEffects.m"; sourceTree = "<group>"; };
		2C4632321D742F9000AC062E /* HRDetailSettingView.h */ = {isa = PBXFileReference; fileEncoding = 4; lastKnownFileType = sourcecode.c.h; path = HRDetailSettingView.h; sourceTree = "<group>"; };
		2C4632331D742F9000AC062E /* HRDetailSettingView.m */ = {isa = PBXFileReference; fileEncoding = 4; lastKnownFileType = sourcecode.c.objc; path = HRDetailSettingView.m; sourceTree = "<group>"; };
		2C4632361D74313700AC062E /* UIButton+simpleinit.h */ = {isa = PBXFileReference; fileEncoding = 4; lastKnownFileType = sourcecode.c.h; path = "UIButton+simpleinit.h"; sourceTree = "<group>"; };
		2C4632371D74313700AC062E /* UIButton+simpleinit.m */ = {isa = PBXFileReference; fileEncoding = 4; lastKnownFileType = sourcecode.c.objc; path = "UIButton+simpleinit.m"; sourceTree = "<group>"; };
		2C4632391D74313700AC062E /* UILabel+simpleinit.h */ = {isa = PBXFileReference; fileEncoding = 4; lastKnownFileType = sourcecode.c.h; path = "UILabel+simpleinit.h"; sourceTree = "<group>"; };
		2C46323A1D74313700AC062E /* UILabel+simpleinit.m */ = {isa = PBXFileReference; fileEncoding = 4; lastKnownFileType = sourcecode.c.objc; path = "UILabel+simpleinit.m"; sourceTree = "<group>"; };
		2C47E0EB1D71898600329CF2 /* HRChapterListController.h */ = {isa = PBXFileReference; fileEncoding = 4; lastKnownFileType = sourcecode.c.h; path = HRChapterListController.h; sourceTree = "<group>"; };
		2C47E0EC1D71898600329CF2 /* HRChapterListController.m */ = {isa = PBXFileReference; fileEncoding = 4; lastKnownFileType = sourcecode.c.objc; path = HRChapterListController.m; sourceTree = "<group>"; };
		2C50E1801E8E25B200A00427 /* HRLoginController.h */ = {isa = PBXFileReference; fileEncoding = 4; lastKnownFileType = sourcecode.c.h; path = HRLoginController.h; sourceTree = "<group>"; };
		2C50E1811E8E25B200A00427 /* HRLoginController.m */ = {isa = PBXFileReference; fileEncoding = 4; lastKnownFileType = sourcecode.c.objc; path = HRLoginController.m; sourceTree = "<group>"; };
		2C6C9DA71D702D4A00D9EB00 /* HRBatteryView.h */ = {isa = PBXFileReference; fileEncoding = 4; lastKnownFileType = sourcecode.c.h; path = HRBatteryView.h; sourceTree = "<group>"; };
		2C6C9DA81D702D4A00D9EB00 /* HRBatteryView.m */ = {isa = PBXFileReference; fileEncoding = 4; lastKnownFileType = sourcecode.c.objc; path = HRBatteryView.m; sourceTree = "<group>"; };
		2C6C9DAA1D7034F400D9EB00 /* HRReadDetailView.h */ = {isa = PBXFileReference; fileEncoding = 4; lastKnownFileType = sourcecode.c.h; path = HRReadDetailView.h; sourceTree = "<group>"; };
		2C6C9DAB1D7034F400D9EB00 /* HRReadDetailView.m */ = {isa = PBXFileReference; fileEncoding = 4; lastKnownFileType = sourcecode.c.objc; path = HRReadDetailView.m; sourceTree = "<group>"; };
		2C6D36C51ECAC84200E4F59A /* HRTouchPassWordController.h */ = {isa = PBXFileReference; fileEncoding = 4; lastKnownFileType = sourcecode.c.h; path = HRTouchPassWordController.h; sourceTree = "<group>"; };
		2C6D36C61ECAC84200E4F59A /* HRTouchPassWordController.m */ = {isa = PBXFileReference; fileEncoding = 4; lastKnownFileType = sourcecode.c.objc; path = HRTouchPassWordController.m; sourceTree = "<group>"; };
		2C6D36C81ECAF29300E4F59A /* HRSettingCell.h */ = {isa = PBXFileReference; fileEncoding = 4; lastKnownFileType = sourcecode.c.h; path = HRSettingCell.h; sourceTree = "<group>"; };
		2C6D36C91ECAF29300E4F59A /* HRSettingCell.m */ = {isa = PBXFileReference; fileEncoding = 4; lastKnownFileType = sourcecode.c.objc; path = HRSettingCell.m; sourceTree = "<group>"; };
		2C6D82161E89FDF20097C2AF /* CFNetwork.framework */ = {isa = PBXFileReference; lastKnownFileType = wrapper.framework; name = CFNetwork.framework; path = System/Library/Frameworks/CFNetwork.framework; sourceTree = SDKROOT; };
		2C6D82181E89FE020097C2AF /* libicucore.tbd */ = {isa = PBXFileReference; lastKnownFileType = "sourcecode.text-based-dylib-definition"; name = libicucore.tbd; path = usr/lib/libicucore.tbd; sourceTree = SDKROOT; };
		2C6D821A1E89FE0A0097C2AF /* Foundation.framework */ = {isa = PBXFileReference; lastKnownFileType = wrapper.framework; name = Foundation.framework; path = System/Library/Frameworks/Foundation.framework; sourceTree = SDKROOT; };
		2C715F3B1D8130F500DC39B5 /* HRProGressView.h */ = {isa = PBXFileReference; fileEncoding = 4; lastKnownFileType = sourcecode.c.h; path = HRProGressView.h; sourceTree = "<group>"; };
		2C715F3C1D8130F500DC39B5 /* HRProGressView.m */ = {isa = PBXFileReference; fileEncoding = 4; lastKnownFileType = sourcecode.c.objc; path = HRProGressView.m; sourceTree = "<group>"; };
		2C715F3E1D81581200DC39B5 /* HRHttpController.h */ = {isa = PBXFileReference; fileEncoding = 4; lastKnownFileType = sourcecode.c.h; path = HRHttpController.h; sourceTree = "<group>"; };
		2C715F3F1D81581200DC39B5 /* HRHttpController.m */ = {isa = PBXFileReference; fileEncoding = 4; lastKnownFileType = sourcecode.c.objc; path = HRHttpController.m; sourceTree = "<group>"; };
		2C76B69F1D6AE7500052CCF8 /* HRRecentController.h */ = {isa = PBXFileReference; fileEncoding = 4; lastKnownFileType = sourcecode.c.h; path = HRRecentController.h; sourceTree = "<group>"; };
		2C76B6A01D6AE7500052CCF8 /* HRRecentController.m */ = {isa = PBXFileReference; fileEncoding = 4; lastKnownFileType = sourcecode.c.objc; path = HRRecentController.m; sourceTree = "<group>"; };
		2C76B6C91D6AFE410052CCF8 /* HRReadListCell.h */ = {isa = PBXFileReference; fileEncoding = 4; lastKnownFileType = sourcecode.c.h; path = HRReadListCell.h; sourceTree = "<group>"; };
		2C76B6CA1D6AFE410052CCF8 /* HRReadListCell.m */ = {isa = PBXFileReference; fileEncoding = 4; lastKnownFileType = sourcecode.c.objc; path = HRReadListCell.m; sourceTree = "<group>"; };
		2C7A08AD1D6ACBA30027B1B5 /* HostRead.app */ = {isa = PBXFileReference; explicitFileType = wrapper.application; includeInIndex = 0; path = HostRead.app; sourceTree = BUILT_PRODUCTS_DIR; };
		2C7A08BA1D6ACBA30027B1B5 /* Base */ = {isa = PBXFileReference; lastKnownFileType = file.storyboard; name = Base; path = Base.lproj/Main.storyboard; sourceTree = "<group>"; };
		2C7A08BC1D6ACBA30027B1B5 /* Assets.xcassets */ = {isa = PBXFileReference; lastKnownFileType = folder.assetcatalog; path = Assets.xcassets; sourceTree = "<group>"; };
		2C7A08BF1D6ACBA30027B1B5 /* Base */ = {isa = PBXFileReference; lastKnownFileType = file.storyboard; name = Base; path = Base.lproj/LaunchScreen.storyboard; sourceTree = "<group>"; };
		2C7A08D01D6ACC2A0027B1B5 /* AppDelegate.h */ = {isa = PBXFileReference; fileEncoding = 4; lastKnownFileType = sourcecode.c.h; path = AppDelegate.h; sourceTree = "<group>"; };
		2C7A08D11D6ACC2A0027B1B5 /* AppDelegate.m */ = {isa = PBXFileReference; fileEncoding = 4; lastKnownFileType = sourcecode.c.objc; path = AppDelegate.m; sourceTree = "<group>"; };
		2C7A08D21D6ACC2A0027B1B5 /* Info.plist */ = {isa = PBXFileReference; fileEncoding = 4; lastKnownFileType = text.plist.xml; path = Info.plist; sourceTree = "<group>"; };
		2C7A08D31D6ACC2A0027B1B5 /* main.m */ = {isa = PBXFileReference; fileEncoding = 4; lastKnownFileType = sourcecode.c.objc; path = main.m; sourceTree = "<group>"; };
		2C7A08DF1D6ACD380027B1B5 /* HRBaseController.h */ = {isa = PBXFileReference; fileEncoding = 4; lastKnownFileType = sourcecode.c.h; path = HRBaseController.h; sourceTree = "<group>"; };
		2C7A08E01D6ACD380027B1B5 /* HRBaseController.m */ = {isa = PBXFileReference; fileEncoding = 4; lastKnownFileType = sourcecode.c.objc; path = HRBaseController.m; sourceTree = "<group>"; };
		2C7A08E61D6ACE270027B1B5 /* HRRedListController.h */ = {isa = PBXFileReference; fileEncoding = 4; lastKnownFileType = sourcecode.c.h; path = HRRedListController.h; sourceTree = "<group>"; };
		2C7A08E71D6ACE270027B1B5 /* HRRedListController.m */ = {isa = PBXFileReference; fileEncoding = 4; lastKnownFileType = sourcecode.c.objc; path = HRRedListController.m; sourceTree = "<group>"; };
		2C7A08E91D6ACE510027B1B5 /* HRSsettingController.h */ = {isa = PBXFileReference; fileEncoding = 4; lastKnownFileType = sourcecode.c.h; path = HRSsettingController.h; sourceTree = "<group>"; };
		2C7A08EA1D6ACE510027B1B5 /* HRSsettingController.m */ = {isa = PBXFileReference; fileEncoding = 4; lastKnownFileType = sourcecode.c.objc; path = HRSsettingController.m; sourceTree = "<group>"; };
		2C7A08F01D6AD2390027B1B5 /* HostRead_Prefix.pch */ = {isa = PBXFileReference; lastKnownFileType = sourcecode.c.h; path = HostRead_Prefix.pch; sourceTree = "<group>"; };
		2CAB03FD1E77DDAD004D61C7 /* HRTextCollectionCell.h */ = {isa = PBXFileReference; fileEncoding = 4; lastKnownFileType = sourcecode.c.h; path = HRTextCollectionCell.h; sourceTree = "<group>"; };
		2CAB03FE1E77DDAD004D61C7 /* HRTextCollectionCell.m */ = {isa = PBXFileReference; fileEncoding = 4; lastKnownFileType = sourcecode.c.objc; path = HRTextCollectionCell.m; sourceTree = "<group>"; };
		3C63ADB9E897F2DCFA8BB0DD /* Pods-HostRead.release.xcconfig */ = {isa = PBXFileReference; includeInIndex = 1; lastKnownFileType = text.xcconfig; name = "Pods-HostRead.release.xcconfig"; path = "Pods/Target Support Files/Pods-HostRead/Pods-HostRead.release.xcconfig"; sourceTree = "<group>"; };
		EABB3F6BF4ED449EBBB4CB9A /* libPods-HostRead.a */ = {isa = PBXFileReference; explicitFileType = archive.ar; includeInIndex = 0; path = "libPods-HostRead.a"; sourceTree = BUILT_PRODUCTS_DIR; };
/* End PBXFileReference section */

/* Begin PBXFrameworksBuildPhase section */
		2C7A08AA1D6ACBA30027B1B5 /* Frameworks */ = {
			isa = PBXFrameworksBuildPhase;
			buildActionMask = 2147483647;
			files = (
				2C6D821B1E89FE0A0097C2AF /* Foundation.framework in Frameworks */,
				2C6D82191E89FE020097C2AF /* libicucore.tbd in Frameworks */,
				2C6D82171E89FDF20097C2AF /* CFNetwork.framework in Frameworks */,
				2C41AADF1D6EF4BE007CE67E /* libsqlite3.tbd in Frameworks */,
				2C453E131D6D72980061B535 /* CoreText.framework in Frameworks */,
				EF8816EF7A86B2B1F34D156E /* libPods-HostRead.a in Frameworks */,
			);
			runOnlyForDeploymentPostprocessing = 0;
		};
/* End PBXFrameworksBuildPhase section */

/* Begin PBXGroup section */
		2C41AAE01D6EF4D7007CE67E /* FrameWork */ = {
			isa = PBXGroup;
			children = (
				2C41AADE1D6EF4BE007CE67E /* libsqlite3.tbd */,
				2C453E121D6D72980061B535 /* CoreText.framework */,
			);
			name = FrameWork;
			sourceTree = "<group>";
		};
		2C41AAE11D6F06E2007CE67E /* Tool */ = {
			isa = PBXGroup;
			children = (
				2C41AAE21D6F06E2007CE67E /* HRDBHelper.h */,
				2C41AAE31D6F06E2007CE67E /* HRDBHelper.m */,
				2C41AAE41D6F06E2007CE67E /* HRReadTool.h */,
				2C41AAE51D6F06E2007CE67E /* HRReadTool.m */,
				2C41AAE81D6F0719007CE67E /* HRDecTxtTool.h */,
				2C41AAE91D6F0719007CE67E /* HRDecTxtTool.m */,
			);
			path = Tool;
			sourceTree = "<group>";
		};
		2C44FBBD1D7FE6090042CE34 /* CocoaHTTPServer */ = {
			isa = PBXGroup;
			children = (
				2C44FBBE1D7FE6090042CE34 /* Categories */,
				2C44FBC51D7FE6090042CE34 /* DDAbstractDatabaseLogger.h */,
				2C44FBC61D7FE6090042CE34 /* DDAbstractDatabaseLogger.m */,
				2C44FBC71D7FE6090042CE34 /* DDASLLogger.h */,
				2C44FBC81D7FE6090042CE34 /* DDASLLogger.m */,
				2C44FBC91D7FE6090042CE34 /* DDFileLogger.h */,
				2C44FBCA1D7FE6090042CE34 /* DDFileLogger.m */,
				2C44FBCB1D7FE6090042CE34 /* DDLog.h */,
				2C44FBCC1D7FE6090042CE34 /* DDLog.m */,
				2C44FBCD1D7FE6090042CE34 /* DDTTYLogger.h */,
				2C44FBCE1D7FE6090042CE34 /* DDTTYLogger.m */,
				2C44FBCF1D7FE6090042CE34 /* Extensions */,
				2C44FBD41D7FE6090042CE34 /* GCDAsyncSocket.h */,
				2C44FBD51D7FE6090042CE34 /* GCDAsyncSocket.m */,
				2C44FBD61D7FE6090042CE34 /* HTTPAuthenticationRequest.h */,
				2C44FBD71D7FE6090042CE34 /* HTTPAuthenticationRequest.m */,
				2C44FBD81D7FE6090042CE34 /* HTTPConnection.h */,
				2C44FBD91D7FE6090042CE34 /* HTTPConnection.m */,
				2C44FBDA1D7FE6090042CE34 /* HTTPLogging.h */,
				2C44FBDB1D7FE6090042CE34 /* HTTPMessage.h */,
				2C44FBDC1D7FE6090042CE34 /* HTTPMessage.m */,
				2C44FBDD1D7FE6090042CE34 /* HTTPResponse.h */,
				2C44FBDE1D7FE6090042CE34 /* HTTPServer.h */,
				2C44FBDF1D7FE6090042CE34 /* HTTPServer.m */,
				2C44FBE01D7FE6090042CE34 /* Mime */,
				2C44FBE71D7FE6090042CE34 /* Responses */,
				2C44FBF41D7FE6090042CE34 /* WebSocket.h */,
				2C44FBF51D7FE6090042CE34 /* WebSocket.m */,
			);
			path = CocoaHTTPServer;
			sourceTree = "<group>";
		};
		2C44FBBE1D7FE6090042CE34 /* Categories */ = {
			isa = PBXGroup;
			children = (
				2C44FBBF1D7FE6090042CE34 /* DDData.h */,
				2C44FBC01D7FE6090042CE34 /* DDData.m */,
				2C44FBC11D7FE6090042CE34 /* DDNumber.h */,
				2C44FBC21D7FE6090042CE34 /* DDNumber.m */,
				2C44FBC31D7FE6090042CE34 /* DDRange.h */,
				2C44FBC41D7FE6090042CE34 /* DDRange.m */,
			);
			path = Categories;
			sourceTree = "<group>";
		};
		2C44FBCF1D7FE6090042CE34 /* Extensions */ = {
			isa = PBXGroup;
			children = (
				2C44FBD01D7FE6090042CE34 /* ContextFilterLogFormatter.h */,
				2C44FBD11D7FE6090042CE34 /* ContextFilterLogFormatter.m */,
				2C44FBD21D7FE6090042CE34 /* DispatchQueueLogFormatter.h */,
				2C44FBD31D7FE6090042CE34 /* DispatchQueueLogFormatter.m */,
			);
			path = Extensions;
			sourceTree = "<group>";
		};
		2C44FBE01D7FE6090042CE34 /* Mime */ = {
			isa = PBXGroup;
			children = (
				2C44FBE11D7FE6090042CE34 /* MultipartFormDataParser.h */,
				2C44FBE21D7FE6090042CE34 /* MultipartFormDataParser.m */,
				2C44FBE31D7FE6090042CE34 /* MultipartMessageHeader.h */,
				2C44FBE41D7FE6090042CE34 /* MultipartMessageHeader.m */,
				2C44FBE51D7FE6090042CE34 /* MultipartMessageHeaderField.h */,
				2C44FBE61D7FE6090042CE34 /* MultipartMessageHeaderField.m */,
			);
			path = Mime;
			sourceTree = "<group>";
		};
		2C44FBE71D7FE6090042CE34 /* Responses */ = {
			isa = PBXGroup;
			children = (
				2C44FBE81D7FE6090042CE34 /* HTTPAsyncFileResponse.h */,
				2C44FBE91D7FE6090042CE34 /* HTTPAsyncFileResponse.m */,
				2C44FBEA1D7FE6090042CE34 /* HTTPDataResponse.h */,
				2C44FBEB1D7FE6090042CE34 /* HTTPDataResponse.m */,
				2C44FBEC1D7FE6090042CE34 /* HTTPDynamicFileResponse.h */,
				2C44FBED1D7FE6090042CE34 /* HTTPDynamicFileResponse.m */,
				2C44FBEE1D7FE6090042CE34 /* HTTPErrorResponse.h */,
				2C44FBEF1D7FE6090042CE34 /* HTTPErrorResponse.m */,
				2C44FBF01D7FE6090042CE34 /* HTTPFileResponse.h */,
				2C44FBF11D7FE6090042CE34 /* HTTPFileResponse.m */,
				2C44FBF21D7FE6090042CE34 /* HTTPRedirectResponse.h */,
				2C44FBF31D7FE6090042CE34 /* HTTPRedirectResponse.m */,
			);
			path = Responses;
			sourceTree = "<group>";
		};
		2C44FC111D800C790042CE34 /* Models */ = {
			isa = PBXGroup;
			children = (
				2C44FC121D800CA80042CE34 /* HRHTTPConnection.h */,
				2C44FC131D800CA80042CE34 /* HRHTTPConnection.m */,
			);
			path = Models;
			sourceTree = "<group>";
		};
		2C453E0B1D6D40830061B535 /* Models */ = {
			isa = PBXGroup;
			children = (
				2C453E0C1D6D411E0061B535 /* HRTxtChapterModel.h */,
				2C453E0D1D6D411E0061B535 /* HRTxtChapterModel.m */,
				2C453E0F1D6D426B0061B535 /* HRTxtModel.h */,
				2C453E101D6D426B0061B535 /* HRTxtModel.m */,
				2C453E1A1D6D8C870061B535 /* HRDidReadModel.h */,
				2C453E1B1D6D8C870061B535 /* HRDidReadModel.m */,
			);
			path = Models;
			sourceTree = "<group>";
		};
		2C453E141D6D7B930061B535 /* ReadDetail */ = {
			isa = PBXGroup;
			children = (
				2C453E151D6D7B930061B535 /* Controllers */,
				2C453E161D6D7B930061B535 /* Views */,
			);
			path = ReadDetail;
			sourceTree = "<group>";
		};
		2C453E151D6D7B930061B535 /* Controllers */ = {
			isa = PBXGroup;
			children = (
				2C453E171D6D7BE20061B535 /* HRReadDetailController.h */,
				2C453E181D6D7BE20061B535 /* HRReadDetailController.m */,
				2C47E0EB1D71898600329CF2 /* HRChapterListController.h */,
				2C47E0EC1D71898600329CF2 /* HRChapterListController.m */,
			);
			path = Controllers;
			sourceTree = "<group>";
		};
		2C453E161D6D7B930061B535 /* Views */ = {
			isa = PBXGroup;
			children = (
				2C4632321D742F9000AC062E /* HRDetailSettingView.h */,
				2C4632331D742F9000AC062E /* HRDetailSettingView.m */,
				2CAB03FD1E77DDAD004D61C7 /* HRTextCollectionCell.h */,
				2CAB03FE1E77DDAD004D61C7 /* HRTextCollectionCell.m */,
			);
			path = Views;
			sourceTree = "<group>";
		};
		2C4632221D7423D100AC062E /* Define */ = {
			isa = PBXGroup;
			children = (
				2C4632351D74313700AC062E /* UIButton */,
				2C4632381D74313700AC062E /* UILabel */,
				2C4632231D7423D100AC062E /* UIBarButtonItem */,
				2C4632261D7423D100AC062E /* UIColor */,
				2C4632291D7423D100AC062E /* UIImage */,
			);
			path = Define;
			sourceTree = "<group>";
		};
		2C4632231D7423D100AC062E /* UIBarButtonItem */ = {
			isa = PBXGroup;
			children = (
				2C4632241D7423D100AC062E /* UIBarButtonItem+HRS.h */,
				2C4632251D7423D100AC062E /* UIBarButtonItem+HRS.m */,
			);
			path = UIBarButtonItem;
			sourceTree = "<group>";
		};
		2C4632261D7423D100AC062E /* UIColor */ = {
			isa = PBXGroup;
			children = (
				2C4632271D7423D100AC062E /* UIColor+ColorWithHex.h */,
				2C4632281D7423D100AC062E /* UIColor+ColorWithHex.m */,
			);
			path = UIColor;
			sourceTree = "<group>";
		};
		2C4632291D7423D100AC062E /* UIImage */ = {
			isa = PBXGroup;
			children = (
				2C46322A1D7423D100AC062E /* UIImage+Color.h */,
				2C46322B1D7423D100AC062E /* UIImage+Color.m */,
				2C46322C1D7423D100AC062E /* UIImage+ImageEffects.h */,
				2C46322D1D7423D100AC062E /* UIImage+ImageEffects.m */,
			);
			path = UIImage;
			sourceTree = "<group>";
		};
		2C4632351D74313700AC062E /* UIButton */ = {
			isa = PBXGroup;
			children = (
				2C4632361D74313700AC062E /* UIButton+simpleinit.h */,
				2C4632371D74313700AC062E /* UIButton+simpleinit.m */,
			);
			path = UIButton;
			sourceTree = "<group>";
		};
		2C4632381D74313700AC062E /* UILabel */ = {
			isa = PBXGroup;
			children = (
				2C4632391D74313700AC062E /* UILabel+simpleinit.h */,
				2C46323A1D74313700AC062E /* UILabel+simpleinit.m */,
			);
			path = UILabel;
			sourceTree = "<group>";
		};
		2C6C9DA61D702D2C00D9EB00 /* ToolView */ = {
			isa = PBXGroup;
			children = (
				2C6C9DA71D702D4A00D9EB00 /* HRBatteryView.h */,
				2C6C9DA81D702D4A00D9EB00 /* HRBatteryView.m */,
				2C6C9DAA1D7034F400D9EB00 /* HRReadDetailView.h */,
				2C6C9DAB1D7034F400D9EB00 /* HRReadDetailView.m */,
			);
			path = ToolView;
			sourceTree = "<group>";
		};
		2C76B69C1D6AE7220052CCF8 /* Recent */ = {
			isa = PBXGroup;
			children = (
				2C76B69D1D6AE7220052CCF8 /* Controllers */,
				2C44FC111D800C790042CE34 /* Models */,
				2C76B69E1D6AE7220052CCF8 /* Views */,
			);
			path = Recent;
			sourceTree = "<group>";
		};
		2C76B69D1D6AE7220052CCF8 /* Controllers */ = {
			isa = PBXGroup;
			children = (
				2C76B69F1D6AE7500052CCF8 /* HRRecentController.h */,
				2C76B6A01D6AE7500052CCF8 /* HRRecentController.m */,
			);
			path = Controllers;
			sourceTree = "<group>";
		};
		2C76B69E1D6AE7220052CCF8 /* Views */ = {
			isa = PBXGroup;
			children = (
				2C715F3B1D8130F500DC39B5 /* HRProGressView.h */,
				2C715F3C1D8130F500DC39B5 /* HRProGressView.m */,
			);
			path = Views;
			sourceTree = "<group>";
		};
		2C7A08A41D6ACBA30027B1B5 = {
			isa = PBXGroup;
			children = (
				2C7A08AF1D6ACBA30027B1B5 /* HostRead */,
				2C7A08AE1D6ACBA30027B1B5 /* Products */,
				8298040BCEAB6921CD174FEE /* Pods */,
				E7B67AC6EBFBCE4B2587BFD0 /* Frameworks */,
			);
			sourceTree = "<group>";
		};
		2C7A08AE1D6ACBA30027B1B5 /* Products */ = {
			isa = PBXGroup;
			children = (
				2C7A08AD1D6ACBA30027B1B5 /* HostRead.app */,
			);
			name = Products;
			sourceTree = "<group>";
		};
		2C7A08AF1D6ACBA30027B1B5 /* HostRead */ = {
			isa = PBXGroup;
			children = (
				2C44FC0F1D7FEDC90042CE34 /* WebSite */,
				2C453E141D6D7B930061B535 /* ReadDetail */,
				2C76B69C1D6AE7220052CCF8 /* Recent */,
				2C7A08D71D6ACC6E0027B1B5 /* RedList */,
				2C7A08DA1D6ACC6E0027B1B5 /* Setting */,
				2C7A08DE1D6ACCAD0027B1B5 /* Utils */,
				2C7A08B91D6ACBA30027B1B5 /* Main.storyboard */,
				2C7A08BC1D6ACBA30027B1B5 /* Assets.xcassets */,
				2C7A08BE1D6ACBA30027B1B5 /* LaunchScreen.storyboard */,
				2C41AAE01D6EF4D7007CE67E /* FrameWork */,
				2C7A08CF1D6ACC2A0027B1B5 /* Supporting Files */,
			);
			path = HostRead;
			sourceTree = "<group>";
		};
		2C7A08CF1D6ACC2A0027B1B5 /* Supporting Files */ = {
			isa = PBXGroup;
			children = (
				2C7A08D01D6ACC2A0027B1B5 /* AppDelegate.h */,
				2C7A08D11D6ACC2A0027B1B5 /* AppDelegate.m */,
				2C7A08D21D6ACC2A0027B1B5 /* Info.plist */,
				2C7A08D31D6ACC2A0027B1B5 /* main.m */,
				2C7A08F01D6AD2390027B1B5 /* HostRead_Prefix.pch */,
			);
			path = "Supporting Files";
			sourceTree = "<group>";
		};
		2C7A08D71D6ACC6E0027B1B5 /* RedList */ = {
			isa = PBXGroup;
			children = (
				2C7A08D81D6ACC6E0027B1B5 /* Controllers */,
				2C453E0B1D6D40830061B535 /* Models */,
				2C7A08D91D6ACC6E0027B1B5 /* Views */,
			);
			path = RedList;
			sourceTree = "<group>";
		};
		2C7A08D81D6ACC6E0027B1B5 /* Controllers */ = {
			isa = PBXGroup;
			children = (
				2C7A08E61D6ACE270027B1B5 /* HRRedListController.h */,
				2C7A08E71D6ACE270027B1B5 /* HRRedListController.m */,
				2C3EC1631D6C201B001A335A /* HRAllFloderController.h */,
				2C3EC1641D6C201B001A335A /* HRAllFloderController.m */,
				2C715F3E1D81581200DC39B5 /* HRHttpController.h */,
				2C715F3F1D81581200DC39B5 /* HRHttpController.m */,
			);
			path = Controllers;
			sourceTree = "<group>";
		};
		2C7A08D91D6ACC6E0027B1B5 /* Views */ = {
			isa = PBXGroup;
			children = (
				2C76B6C91D6AFE410052CCF8 /* HRReadListCell.h */,
				2C76B6CA1D6AFE410052CCF8 /* HRReadListCell.m */,
			);
			path = Views;
			sourceTree = "<group>";
		};
		2C7A08DA1D6ACC6E0027B1B5 /* Setting */ = {
			isa = PBXGroup;
			children = (
				2C7A08DB1D6ACC6E0027B1B5 /* Controllers */,
				2C7A08DC1D6ACC6E0027B1B5 /* Views */,
			);
			path = Setting;
			sourceTree = "<group>";
		};
		2C7A08DB1D6ACC6E0027B1B5 /* Controllers */ = {
			isa = PBXGroup;
			children = (
				2C7A08E91D6ACE510027B1B5 /* HRSsettingController.h */,
				2C7A08EA1D6ACE510027B1B5 /* HRSsettingController.m */,
				2C50E1801E8E25B200A00427 /* HRLoginController.h */,
				2C50E1811E8E25B200A00427 /* HRLoginController.m */,
				2C6D36C51ECAC84200E4F59A /* HRTouchPassWordController.h */,
				2C6D36C61ECAC84200E4F59A /* HRTouchPassWordController.m */,
			);
			path = Controllers;
			sourceTree = "<group>";
		};
		2C7A08DC1D6ACC6E0027B1B5 /* Views */ = {
			isa = PBXGroup;
			children = (
				2C6D36C81ECAF29300E4F59A /* HRSettingCell.h */,
				2C6D36C91ECAF29300E4F59A /* HRSettingCell.m */,
			);
			path = Views;
			sourceTree = "<group>";
		};
		2C7A08DE1D6ACCAD0027B1B5 /* Utils */ = {
			isa = PBXGroup;
			children = (
				2C4632221D7423D100AC062E /* Define */,
				2C6C9DA61D702D2C00D9EB00 /* ToolView */,
				2C41AAE11D6F06E2007CE67E /* Tool */,
				2C44FBBD1D7FE6090042CE34 /* CocoaHTTPServer */,
				2C7A08DF1D6ACD380027B1B5 /* HRBaseController.h */,
				2C7A08E01D6ACD380027B1B5 /* HRBaseController.m */,
			);
			path = Utils;
			sourceTree = "<group>";
		};
		8298040BCEAB6921CD174FEE /* Pods */ = {
			isa = PBXGroup;
			children = (
				0CF975A27034AFCE17BCA35A /* Pods-HostRead.debug.xcconfig */,
				3C63ADB9E897F2DCFA8BB0DD /* Pods-HostRead.release.xcconfig */,
			);
			name = Pods;
			sourceTree = "<group>";
		};
		E7B67AC6EBFBCE4B2587BFD0 /* Frameworks */ = {
			isa = PBXGroup;
			children = (
				2C6D821A1E89FE0A0097C2AF /* Foundation.framework */,
				2C6D82181E89FE020097C2AF /* libicucore.tbd */,
				2C6D82161E89FDF20097C2AF /* CFNetwork.framework */,
				EABB3F6BF4ED449EBBB4CB9A /* libPods-HostRead.a */,
			);
			name = Frameworks;
			sourceTree = "<group>";
		};
/* End PBXGroup section */

/* Begin PBXNativeTarget section */
		2C7A08AC1D6ACBA30027B1B5 /* HostRead */ = {
			isa = PBXNativeTarget;
			buildConfigurationList = 2C7A08C41D6ACBA30027B1B5 /* Build configuration list for PBXNativeTarget "HostRead" */;
			buildPhases = (
				EAE8482490C88BCB54FC0580 /* [CP] Check Pods Manifest.lock */,
				2C7A08A91D6ACBA30027B1B5 /* Sources */,
				2C7A08AA1D6ACBA30027B1B5 /* Frameworks */,
				2C7A08AB1D6ACBA30027B1B5 /* Resources */,
				F4A0CC2E32BEDB6BF8440F23 /* [CP] Embed Pods Frameworks */,
				17A02ADBE42ACAF8A9DAFB21 /* [CP] Copy Pods Resources */,
			);
			buildRules = (
			);
			dependencies = (
			);
			name = HostRead;
			productName = HostRead;
			productReference = 2C7A08AD1D6ACBA30027B1B5 /* HostRead.app */;
			productType = "com.apple.product-type.application";
		};
/* End PBXNativeTarget section */

/* Begin PBXProject section */
		2C7A08A51D6ACBA30027B1B5 /* Project object */ = {
			isa = PBXProject;
			attributes = {
				LastUpgradeCheck = 0730;
				ORGANIZATIONNAME = kawaii;
				TargetAttributes = {
					2C7A08AC1D6ACBA30027B1B5 = {
						CreatedOnToolsVersion = 7.3;
						DevelopmentTeam = 784U2EBW65;
						ProvisioningStyle = Manual;
					};
				};
			};
			buildConfigurationList = 2C7A08A81D6ACBA30027B1B5 /* Build configuration list for PBXProject "HostRead" */;
			compatibilityVersion = "Xcode 3.2";
			developmentRegion = English;
			hasScannedForEncodings = 0;
			knownRegions = (
				en,
				Base,
			);
			mainGroup = 2C7A08A41D6ACBA30027B1B5;
			productRefGroup = 2C7A08AE1D6ACBA30027B1B5 /* Products */;
			projectDirPath = "";
			projectRoot = "";
			targets = (
				2C7A08AC1D6ACBA30027B1B5 /* HostRead */,
			);
		};
/* End PBXProject section */

/* Begin PBXResourcesBuildPhase section */
		2C7A08AB1D6ACBA30027B1B5 /* Resources */ = {
			isa = PBXResourcesBuildPhase;
			buildActionMask = 2147483647;
			files = (
				2C44FC101D7FEDC90042CE34 /* WebSite in Resources */,
				2C7A08D51D6ACC2A0027B1B5 /* Info.plist in Resources */,
				2C7A08C01D6ACBA30027B1B5 /* LaunchScreen.storyboard in Resources */,
				2C7A08BD1D6ACBA30027B1B5 /* Assets.xcassets in Resources */,
				2C7A08BB1D6ACBA30027B1B5 /* Main.storyboard in Resources */,
			);
			runOnlyForDeploymentPostprocessing = 0;
		};
/* End PBXResourcesBuildPhase section */

/* Begin PBXShellScriptBuildPhase section */
		17A02ADBE42ACAF8A9DAFB21 /* [CP] Copy Pods Resources */ = {
			isa = PBXShellScriptBuildPhase;
			buildActionMask = 2147483647;
			files = (
			);
			inputPaths = (
			);
			name = "[CP] Copy Pods Resources";
			outputPaths = (
			);
			runOnlyForDeploymentPostprocessing = 0;
			shellPath = /bin/sh;
			shellScript = "\"${SRCROOT}/Pods/Target Support Files/Pods-HostRead/Pods-HostRead-resources.sh\"\n";
			showEnvVarsInLog = 0;
		};
		EAE8482490C88BCB54FC0580 /* [CP] Check Pods Manifest.lock */ = {
			isa = PBXShellScriptBuildPhase;
			buildActionMask = 2147483647;
			files = (
			);
			inputPaths = (
			);
			name = "[CP] Check Pods Manifest.lock";
			outputPaths = (
			);
			runOnlyForDeploymentPostprocessing = 0;
			shellPath = /bin/sh;
			shellScript = "diff \"${PODS_ROOT}/../Podfile.lock\" \"${PODS_ROOT}/Manifest.lock\" > /dev/null\nif [[ $? != 0 ]] ; then\n    cat << EOM\nerror: The sandbox is not in sync with the Podfile.lock. Run 'pod install' or update your CocoaPods installation.\nEOM\n    exit 1\nfi\n";
			showEnvVarsInLog = 0;
		};
		F4A0CC2E32BEDB6BF8440F23 /* [CP] Embed Pods Frameworks */ = {
			isa = PBXShellScriptBuildPhase;
			buildActionMask = 2147483647;
			files = (
			);
			inputPaths = (
			);
			name = "[CP] Embed Pods Frameworks";
			outputPaths = (
			);
			runOnlyForDeploymentPostprocessing = 0;
			shellPath = /bin/sh;
			shellScript = "\"${SRCROOT}/Pods/Target Support Files/Pods-HostRead/Pods-HostRead-frameworks.sh\"\n";
			showEnvVarsInLog = 0;
		};
/* End PBXShellScriptBuildPhase section */

/* Begin PBXSourcesBuildPhase section */
		2C7A08A91D6ACBA30027B1B5 /* Sources */ = {
			isa = PBXSourcesBuildPhase;
			buildActionMask = 2147483647;
			files = (
				2C6D36CA1ECAF29300E4F59A /* HRSettingCell.m in Sources */,
				2C44FBFB1D7FE6090042CE34 /* DDFileLogger.m in Sources */,
				2C46323B1D74313700AC062E /* UIButton+simpleinit.m in Sources */,
				2C6D36C71ECAC84200E4F59A /* HRTouchPassWordController.m in Sources */,
				2C3EC1651D6C201B001A335A /* HRAllFloderController.m in Sources */,
				2C76B6A11D6AE7500052CCF8 /* HRRecentController.m in Sources */,
				2C44FBFA1D7FE6090042CE34 /* DDASLLogger.m in Sources */,
				2C44FC0B1D7FE6090042CE34 /* HTTPErrorResponse.m in Sources */,
				2C47E0ED1D71898600329CF2 /* HRChapterListController.m in Sources */,
				2C6C9DAC1D7034F400D9EB00 /* HRReadDetailView.m in Sources */,
				2C76B6CB1D6AFE410052CCF8 /* HRReadListCell.m in Sources */,
				2C44FBFD1D7FE6090042CE34 /* DDTTYLogger.m in Sources */,
				2C44FC031D7FE6090042CE34 /* HTTPMessage.m in Sources */,
				2C44FC001D7FE6090042CE34 /* GCDAsyncSocket.m in Sources */,
				2C44FBF71D7FE6090042CE34 /* DDNumber.m in Sources */,
				2C7A08D61D6ACC2A0027B1B5 /* main.m in Sources */,
				2C7A08E81D6ACE270027B1B5 /* HRRedListController.m in Sources */,
				2C44FBF61D7FE6090042CE34 /* DDData.m in Sources */,
				2C44FBFF1D7FE6090042CE34 /* DispatchQueueLogFormatter.m in Sources */,
				2C46322E1D7423D100AC062E /* UIBarButtonItem+HRS.m in Sources */,
				2C44FC011D7FE6090042CE34 /* HTTPAuthenticationRequest.m in Sources */,
				2C41AAE61D6F06E2007CE67E /* HRDBHelper.m in Sources */,
				2C44FC0A1D7FE6090042CE34 /* HTTPDynamicFileResponse.m in Sources */,
				2C50E1821E8E25B200A00427 /* HRLoginController.m in Sources */,
				2C44FC041D7FE6090042CE34 /* HTTPServer.m in Sources */,
				2C44FC071D7FE6090042CE34 /* MultipartMessageHeaderField.m in Sources */,
				2C44FC141D800CA80042CE34 /* HRHTTPConnection.m in Sources */,
				2C7A08EB1D6ACE510027B1B5 /* HRSsettingController.m in Sources */,
				2C46322F1D7423D100AC062E /* UIColor+ColorWithHex.m in Sources */,
				2C453E1C1D6D8C870061B535 /* HRDidReadModel.m in Sources */,
				2C4632341D742F9000AC062E /* HRDetailSettingView.m in Sources */,
				2C453E191D6D7BE20061B535 /* HRReadDetailController.m in Sources */,
				2C4632311D7423D100AC062E /* UIImage+ImageEffects.m in Sources */,
				2C41AAEA1D6F0719007CE67E /* HRDecTxtTool.m in Sources */,
				2CAB03FF1E77DDAD004D61C7 /* HRTextCollectionCell.m in Sources */,
				2C453E0E1D6D411E0061B535 /* HRTxtChapterModel.m in Sources */,
				2C44FBF91D7FE6090042CE34 /* DDAbstractDatabaseLogger.m in Sources */,
				2C44FBF81D7FE6090042CE34 /* DDRange.m in Sources */,
				2C44FC021D7FE6090042CE34 /* HTTPConnection.m in Sources */,
				2C44FC081D7FE6090042CE34 /* HTTPAsyncFileResponse.m in Sources */,
				2C44FC0E1D7FE6090042CE34 /* WebSocket.m in Sources */,
				2C44FC061D7FE6090042CE34 /* MultipartMessageHeader.m in Sources */,
				2C453E111D6D426B0061B535 /* HRTxtModel.m in Sources */,
				2C715F401D81581200DC39B5 /* HRHttpController.m in Sources */,
				2C6C9DA91D702D4A00D9EB00 /* HRBatteryView.m in Sources */,
				2C41AAE71D6F06E2007CE67E /* HRReadTool.m in Sources */,
				2C44FC091D7FE6090042CE34 /* HTTPDataResponse.m in Sources */,
				2C44FBFC1D7FE6090042CE34 /* DDLog.m in Sources */,
				2C715F3D1D8130F500DC39B5 /* HRProGressView.m in Sources */,
				2C44FBFE1D7FE6090042CE34 /* ContextFilterLogFormatter.m in Sources */,
				2C44FC051D7FE6090042CE34 /* MultipartFormDataParser.m in Sources */,
				2C44FC0C1D7FE6090042CE34 /* HTTPFileResponse.m in Sources */,
				2C7A08D41D6ACC2A0027B1B5 /* AppDelegate.m in Sources */,
				2C4632301D7423D100AC062E /* UIImage+Color.m in Sources */,
				2C44FC0D1D7FE6090042CE34 /* HTTPRedirectResponse.m in Sources */,
				2C7A08E11D6ACD380027B1B5 /* HRBaseController.m in Sources */,
				2C46323C1D74313700AC062E /* UILabel+simpleinit.m in Sources */,
			);
			runOnlyForDeploymentPostprocessing = 0;
		};
/* End PBXSourcesBuildPhase section */

/* Begin PBXVariantGroup section */
		2C7A08B91D6ACBA30027B1B5 /* Main.storyboard */ = {
			isa = PBXVariantGroup;
			children = (
				2C7A08BA1D6ACBA30027B1B5 /* Base */,
			);
			name = Main.storyboard;
			sourceTree = "<group>";
		};
		2C7A08BE1D6ACBA30027B1B5 /* LaunchScreen.storyboard */ = {
			isa = PBXVariantGroup;
			children = (
				2C7A08BF1D6ACBA30027B1B5 /* Base */,
			);
			name = LaunchScreen.storyboard;
			sourceTree = "<group>";
		};
/* End PBXVariantGroup section */

/* Begin XCBuildConfiguration section */
		2C7A08C21D6ACBA30027B1B5 /* Debug */ = {
			isa = XCBuildConfiguration;
			buildSettings = {
				ALWAYS_SEARCH_USER_PATHS = NO;
				CLANG_ANALYZER_NONNULL = YES;
				CLANG_CXX_LANGUAGE_STANDARD = "gnu++0x";
				CLANG_CXX_LIBRARY = "libc++";
				CLANG_ENABLE_MODULES = YES;
				CLANG_ENABLE_OBJC_ARC = YES;
				CLANG_WARN_BOOL_CONVERSION = YES;
				CLANG_WARN_CONSTANT_CONVERSION = YES;
				CLANG_WARN_DIRECT_OBJC_ISA_USAGE = YES_ERROR;
				CLANG_WARN_EMPTY_BODY = YES;
				CLANG_WARN_ENUM_CONVERSION = YES;
				CLANG_WARN_INT_CONVERSION = YES;
				CLANG_WARN_OBJC_ROOT_CLASS = YES_ERROR;
				CLANG_WARN_UNREACHABLE_CODE = YES;
				CLANG_WARN__DUPLICATE_METHOD_MATCH = YES;
				"CODE_SIGN_IDENTITY[sdk=iphoneos*]" = "iPhone Developer";
				COPY_PHASE_STRIP = NO;
				DEBUG_INFORMATION_FORMAT = dwarf;
				ENABLE_STRICT_OBJC_MSGSEND = YES;
				ENABLE_TESTABILITY = YES;
				GCC_C_LANGUAGE_STANDARD = gnu99;
				GCC_DYNAMIC_NO_PIC = NO;
				GCC_NO_COMMON_BLOCKS = YES;
				GCC_OPTIMIZATION_LEVEL = 0;
				GCC_PREPROCESSOR_DEFINITIONS = (
					"DEBUG=1",
					"$(inherited)",
				);
				GCC_WARN_64_TO_32_BIT_CONVERSION = YES;
				GCC_WARN_ABOUT_RETURN_TYPE = YES_ERROR;
				GCC_WARN_UNDECLARED_SELECTOR = YES;
				GCC_WARN_UNINITIALIZED_AUTOS = YES_AGGRESSIVE;
				GCC_WARN_UNUSED_FUNCTION = YES;
				GCC_WARN_UNUSED_VARIABLE = YES;
				IPHONEOS_DEPLOYMENT_TARGET = 9.3;
				MTL_ENABLE_DEBUG_INFO = YES;
				ONLY_ACTIVE_ARCH = YES;
				SDKROOT = iphoneos;
				TARGETED_DEVICE_FAMILY = "1,2";
			};
			name = Debug;
		};
		2C7A08C31D6ACBA30027B1B5 /* Release */ = {
			isa = XCBuildConfiguration;
			buildSettings = {
				ALWAYS_SEARCH_USER_PATHS = NO;
				CLANG_ANALYZER_NONNULL = YES;
				CLANG_CXX_LANGUAGE_STANDARD = "gnu++0x";
				CLANG_CXX_LIBRARY = "libc++";
				CLANG_ENABLE_MODULES = YES;
				CLANG_ENABLE_OBJC_ARC = YES;
				CLANG_WARN_BOOL_CONVERSION = YES;
				CLANG_WARN_CONSTANT_CONVERSION = YES;
				CLANG_WARN_DIRECT_OBJC_ISA_USAGE = YES_ERROR;
				CLANG_WARN_EMPTY_BODY = YES;
				CLANG_WARN_ENUM_CONVERSION = YES;
				CLANG_WARN_INT_CONVERSION = YES;
				CLANG_WARN_OBJC_ROOT_CLASS = YES_ERROR;
				CLANG_WARN_UNREACHABLE_CODE = YES;
				CLANG_WARN__DUPLICATE_METHOD_MATCH = YES;
				"CODE_SIGN_IDENTITY[sdk=iphoneos*]" = "iPhone Developer";
				COPY_PHASE_STRIP = NO;
				DEBUG_INFORMATION_FORMAT = "dwarf-with-dsym";
				ENABLE_NS_ASSERTIONS = NO;
				ENABLE_STRICT_OBJC_MSGSEND = YES;
				GCC_C_LANGUAGE_STANDARD = gnu99;
				GCC_NO_COMMON_BLOCKS = YES;
				GCC_WARN_64_TO_32_BIT_CONVERSION = YES;
				GCC_WARN_ABOUT_RETURN_TYPE = YES_ERROR;
				GCC_WARN_UNDECLARED_SELECTOR = YES;
				GCC_WARN_UNINITIALIZED_AUTOS = YES_AGGRESSIVE;
				GCC_WARN_UNUSED_FUNCTION = YES;
				GCC_WARN_UNUSED_VARIABLE = YES;
				IPHONEOS_DEPLOYMENT_TARGET = 9.3;
				MTL_ENABLE_DEBUG_INFO = NO;
				SDKROOT = iphoneos;
				TARGETED_DEVICE_FAMILY = "1,2";
				VALIDATE_PRODUCT = YES;
			};
			name = Release;
		};
		2C7A08C51D6ACBA30027B1B5 /* Debug */ = {
			isa = XCBuildConfiguration;
			baseConfigurationReference = 0CF975A27034AFCE17BCA35A /* Pods-HostRead.debug.xcconfig */;
			buildSettings = {
				ASSETCATALOG_COMPILER_APPICON_NAME = AppIcon;
				DEVELOPMENT_TEAM = 784U2EBW65;
				GCC_PREFIX_HEADER = "HostRead/Supporting Files/HostRead_Prefix.pch";
				INFOPLIST_FILE = "$(SRCROOT)/HostRead/Supporting Files/Info.plist";
				IPHONEOS_DEPLOYMENT_TARGET = 8.0;
				LD_RUNPATH_SEARCH_PATHS = "$(inherited) @executable_path/Frameworks";
				PRODUCT_BUNDLE_IDENTIFIER = com.homedo.HostRead;
				PRODUCT_NAME = "$(TARGET_NAME)";
				PROVISIONING_PROFILE = "43d8f4c7-d8bd-400c-8c4d-37263a643790";
				PROVISIONING_PROFILE_SPECIFIER = DevForHomedo;
			};
			name = Debug;
		};
		2C7A08C61D6ACBA30027B1B5 /* Release */ = {
			isa = XCBuildConfiguration;
			baseConfigurationReference = 3C63ADB9E897F2DCFA8BB0DD /* Pods-HostRead.release.xcconfig */;
			buildSettings = {
				ASSETCATALOG_COMPILER_APPICON_NAME = AppIcon;
				DEVELOPMENT_TEAM = "";
				GCC_PREFIX_HEADER = "HostRead/Supporting Files/HostRead_Prefix.pch";
				INFOPLIST_FILE = "$(SRCROOT)/HostRead/Supporting Files/Info.plist";
				IPHONEOS_DEPLOYMENT_TARGET = 8.0;
				LD_RUNPATH_SEARCH_PATHS = "$(inherited) @executable_path/Frameworks";
				PRODUCT_BUNDLE_IDENTIFIER = com.homedo.HostRead;
				PRODUCT_NAME = "$(TARGET_NAME)";
			};
			name = Release;
		};
/* End XCBuildConfiguration section */

/* Begin XCConfigurationList section */
		2C7A08A81D6ACBA30027B1B5 /* Build configuration list for PBXProject "HostRead" */ = {
			isa = XCConfigurationList;
			buildConfigurations = (
				2C7A08C21D6ACBA30027B1B5 /* Debug */,
				2C7A08C31D6ACBA30027B1B5 /* Release */,
			);
			defaultConfigurationIsVisible = 0;
			defaultConfigurationName = Release;
		};
		2C7A08C41D6ACBA30027B1B5 /* Build configuration list for PBXNativeTarget "HostRead" */ = {
			isa = XCConfigurationList;
			buildConfigurations = (
				2C7A08C51D6ACBA30027B1B5 /* Debug */,
				2C7A08C61D6ACBA30027B1B5 /* Release */,
			);
			defaultConfigurationIsVisible = 0;
			defaultConfigurationName = Release;
		};
/* End XCConfigurationList section */
	};
	rootObject = 2C7A08A51D6ACBA30027B1B5 /* Project object */;
}
